// !$*UTF8*$!
{
	archiveVersion = 1;
	classes = {
	};
	objectVersion = 56;
	objects = {

/* Begin PBXBuildFile section */
		0026E03D2C8E516E003472C0 /* RSSParserDelegate.swift in Sources */ = {isa = PBXBuildFile; fileRef = 0026E03C2C8E516E003472C0 /* RSSParserDelegate.swift */; };
		00BAF03E2C935C6E00BB0B50 /* PlayerViewTests.swift in Sources */ = {isa = PBXBuildFile; fileRef = 00BAF03D2C935C6E00BB0B50 /* PlayerViewTests.swift */; };
		00BAF0412C9362A100BB0B50 /* PodcastDetailViewTests.swift in Sources */ = {isa = PBXBuildFile; fileRef = 00BAF0402C9362A100BB0B50 /* PodcastDetailViewTests.swift */; };
		00D1EE0C2C9240E4001E9BD9 /* Episode.swift in Sources */ = {isa = PBXBuildFile; fileRef = 00D1EE0B2C9240E4001E9BD9 /* Episode.swift */; };
		00D1EE0E2C924B81001E9BD9 /* CacheManagerTests.swift in Sources */ = {isa = PBXBuildFile; fileRef = 00D1EE0D2C924B81001E9BD9 /* CacheManagerTests.swift */; };
		00D1EE102C924E68001E9BD9 /* RSSParserTests.swift in Sources */ = {isa = PBXBuildFile; fileRef = 00D1EE0F2C924E68001E9BD9 /* RSSParserTests.swift */; };
		00D1EE122C92544E001E9BD9 /* ImageLoaderTests.swift in Sources */ = {isa = PBXBuildFile; fileRef = 00D1EE112C92544E001E9BD9 /* ImageLoaderTests.swift */; };
		00D1EE142C92548B001E9BD9 /* AudioPlayerTests.swift in Sources */ = {isa = PBXBuildFile; fileRef = 00D1EE132C92548B001E9BD9 /* AudioPlayerTests.swift */; };
		00D1EE162C9254BA001E9BD9 /* RSSURLHistoryManagerTests.swift in Sources */ = {isa = PBXBuildFile; fileRef = 00D1EE152C9254BA001E9BD9 /* RSSURLHistoryManagerTests.swift */; };
		00D1EE182C92570F001E9BD9 /* TestHelpers.swift in Sources */ = {isa = PBXBuildFile; fileRef = 00D1EE172C92570F001E9BD9 /* TestHelpers.swift */; };
		00D1EE1A2C9258CA001E9BD9 /* RSSParserDelegateTests.swift in Sources */ = {isa = PBXBuildFile; fileRef = 00D1EE192C9258CA001E9BD9 /* RSSParserDelegateTests.swift */; };
		00D1EE232C92A0B2001E9BD9 /* RSSSourceViewModelTests.swift in Sources */ = {isa = PBXBuildFile; fileRef = 00D1EE222C92A0B2001E9BD9 /* RSSSourceViewModelTests.swift */; };
		00D1EE252C92A296001E9BD9 /* PodcastDetailViewModelTests.swift in Sources */ = {isa = PBXBuildFile; fileRef = 00D1EE242C92A296001E9BD9 /* PodcastDetailViewModelTests.swift */; };
		00D1EE272C92A2FB001E9BD9 /* PlayerViewModelTests.swift in Sources */ = {isa = PBXBuildFile; fileRef = 00D1EE262C92A2FB001E9BD9 /* PlayerViewModelTests.swift */; };
		00D1EE2B2C9313B9001E9BD9 /* PodCastTests.swift in Sources */ = {isa = PBXBuildFile; fileRef = 00D1EE2A2C9313B9001E9BD9 /* PodCastTests.swift */; };
		00D1EE2D2C9313F0001E9BD9 /* EpisodeTests.swift in Sources */ = {isa = PBXBuildFile; fileRef = 00D1EE2C2C9313F0001E9BD9 /* EpisodeTests.swift */; };
		00D1EE2F2C931423001E9BD9 /* RSSURLHistoryTests.swift in Sources */ = {isa = PBXBuildFile; fileRef = 00D1EE2E2C931423001E9BD9 /* RSSURLHistoryTests.swift */; };
		00EB6DFA2C8B9B1B00A63AA7 /* ImusiCastApp.swift in Sources */ = {isa = PBXBuildFile; fileRef = 00EB6DF92C8B9B1B00A63AA7 /* ImusiCastApp.swift */; };
		00EB6DFE2C8B9B1D00A63AA7 /* Assets.xcassets in Resources */ = {isa = PBXBuildFile; fileRef = 00EB6DFD2C8B9B1D00A63AA7 /* Assets.xcassets */; };
		00EB6E012C8B9B1D00A63AA7 /* Preview Assets.xcassets in Resources */ = {isa = PBXBuildFile; fileRef = 00EB6E002C8B9B1D00A63AA7 /* Preview Assets.xcassets */; };
		00EB6E152C8B9B1D00A63AA7 /* ImusiCastUITests.swift in Sources */ = {isa = PBXBuildFile; fileRef = 00EB6E142C8B9B1D00A63AA7 /* ImusiCastUITests.swift */; };
		00EB6E172C8B9B1D00A63AA7 /* ImusiCastUITestsLaunchTests.swift in Sources */ = {isa = PBXBuildFile; fileRef = 00EB6E162C8B9B1D00A63AA7 /* ImusiCastUITestsLaunchTests.swift */; };
		00EB6E292C8BA23400A63AA7 /* PodCast.swift in Sources */ = {isa = PBXBuildFile; fileRef = 00EB6E282C8BA23400A63AA7 /* PodCast.swift */; };
		00EB6E342C8BC0F800A63AA7 /* RSSSourceView.swift in Sources */ = {isa = PBXBuildFile; fileRef = 00EB6E332C8BC0F800A63AA7 /* RSSSourceView.swift */; };
		00EB6E372C8BC13400A63AA7 /* RSSSourceViewModel.swift in Sources */ = {isa = PBXBuildFile; fileRef = 00EB6E362C8BC13400A63AA7 /* RSSSourceViewModel.swift */; };
		00EB6E392C8BD31000A63AA7 /* PodcastDetailViewModel.swift in Sources */ = {isa = PBXBuildFile; fileRef = 00EB6E382C8BD31000A63AA7 /* PodcastDetailViewModel.swift */; };
		00EB6E3B2C8BD37000A63AA7 /* PodcastDetailView.swift in Sources */ = {isa = PBXBuildFile; fileRef = 00EB6E3A2C8BD37000A63AA7 /* PodcastDetailView.swift */; };
		00EB6E3F2C8BE8B900A63AA7 /* RSSParser.swift in Sources */ = {isa = PBXBuildFile; fileRef = 00EB6E3E2C8BE8B900A63AA7 /* RSSParser.swift */; };
		00EB6E432C8C8C3700A63AA7 /* PlayerViewModel.swift in Sources */ = {isa = PBXBuildFile; fileRef = 00EB6E422C8C8C3700A63AA7 /* PlayerViewModel.swift */; };
		00EB6E452C8C8C6100A63AA7 /* PlayerView.swift in Sources */ = {isa = PBXBuildFile; fileRef = 00EB6E442C8C8C6100A63AA7 /* PlayerView.swift */; };
		00EB6E482C8CA1DA00A63AA7 /* CacheManager.swift in Sources */ = {isa = PBXBuildFile; fileRef = 00EB6E472C8CA1DA00A63AA7 /* CacheManager.swift */; };
		00EB6E4A2C8CC63900A63AA7 /* ImageLoader.swift in Sources */ = {isa = PBXBuildFile; fileRef = 00EB6E492C8CC63900A63AA7 /* ImageLoader.swift */; };
		00EB6E4D2C8CC6EE00A63AA7 /* CachedAsyncImage.swift in Sources */ = {isa = PBXBuildFile; fileRef = 00EB6E4C2C8CC6EE00A63AA7 /* CachedAsyncImage.swift */; };
		00EB6E4F2C8CF67000A63AA7 /* AudioPlayer.swift in Sources */ = {isa = PBXBuildFile; fileRef = 00EB6E4E2C8CF67000A63AA7 /* AudioPlayer.swift */; };
		00EB6E522C8D176900A63AA7 /* RSSURLHistory.swift in Sources */ = {isa = PBXBuildFile; fileRef = 00EB6E512C8D176900A63AA7 /* RSSURLHistory.swift */; };
		00EB6E542C8D178200A63AA7 /* RSSURLHistoryManager.swift in Sources */ = {isa = PBXBuildFile; fileRef = 00EB6E532C8D178200A63AA7 /* RSSURLHistoryManager.swift */; };
/* End PBXBuildFile section */

/* Begin PBXContainerItemProxy section */
		00EB6E072C8B9B1D00A63AA7 /* PBXContainerItemProxy */ = {
			isa = PBXContainerItemProxy;
			containerPortal = 00EB6DEE2C8B9B1B00A63AA7 /* Project object */;
			proxyType = 1;
			remoteGlobalIDString = 00EB6DF52C8B9B1B00A63AA7;
			remoteInfo = ImusiCast;
		};
		00EB6E112C8B9B1D00A63AA7 /* PBXContainerItemProxy */ = {
			isa = PBXContainerItemProxy;
			containerPortal = 00EB6DEE2C8B9B1B00A63AA7 /* Project object */;
			proxyType = 1;
			remoteGlobalIDString = 00EB6DF52C8B9B1B00A63AA7;
			remoteInfo = ImusiCast;
		};
/* End PBXContainerItemProxy section */

/* Begin PBXFileReference section */
		0026E03C2C8E516E003472C0 /* RSSParserDelegate.swift */ = {isa = PBXFileReference; lastKnownFileType = sourcecode.swift; path = RSSParserDelegate.swift; sourceTree = "<group>"; };
		00BAF03D2C935C6E00BB0B50 /* PlayerViewTests.swift */ = {isa = PBXFileReference; lastKnownFileType = sourcecode.swift; path = PlayerViewTests.swift; sourceTree = "<group>"; };
		00BAF0402C9362A100BB0B50 /* PodcastDetailViewTests.swift */ = {isa = PBXFileReference; lastKnownFileType = sourcecode.swift; path = PodcastDetailViewTests.swift; sourceTree = "<group>"; };
		00D1EE0B2C9240E4001E9BD9 /* Episode.swift */ = {isa = PBXFileReference; lastKnownFileType = sourcecode.swift; path = Episode.swift; sourceTree = "<group>"; };
		00D1EE0D2C924B81001E9BD9 /* CacheManagerTests.swift */ = {isa = PBXFileReference; lastKnownFileType = sourcecode.swift; path = CacheManagerTests.swift; sourceTree = "<group>"; };
		00D1EE0F2C924E68001E9BD9 /* RSSParserTests.swift */ = {isa = PBXFileReference; lastKnownFileType = sourcecode.swift; path = RSSParserTests.swift; sourceTree = "<group>"; };
		00D1EE112C92544E001E9BD9 /* ImageLoaderTests.swift */ = {isa = PBXFileReference; lastKnownFileType = sourcecode.swift; path = ImageLoaderTests.swift; sourceTree = "<group>"; };
		00D1EE132C92548B001E9BD9 /* AudioPlayerTests.swift */ = {isa = PBXFileReference; lastKnownFileType = sourcecode.swift; path = AudioPlayerTests.swift; sourceTree = "<group>"; };
		00D1EE152C9254BA001E9BD9 /* RSSURLHistoryManagerTests.swift */ = {isa = PBXFileReference; lastKnownFileType = sourcecode.swift; path = RSSURLHistoryManagerTests.swift; sourceTree = "<group>"; };
		00D1EE172C92570F001E9BD9 /* TestHelpers.swift */ = {isa = PBXFileReference; lastKnownFileType = sourcecode.swift; path = TestHelpers.swift; sourceTree = "<group>"; };
		00D1EE192C9258CA001E9BD9 /* RSSParserDelegateTests.swift */ = {isa = PBXFileReference; lastKnownFileType = sourcecode.swift; path = RSSParserDelegateTests.swift; sourceTree = "<group>"; };
		00D1EE222C92A0B2001E9BD9 /* RSSSourceViewModelTests.swift */ = {isa = PBXFileReference; lastKnownFileType = sourcecode.swift; path = RSSSourceViewModelTests.swift; sourceTree = "<group>"; };
		00D1EE242C92A296001E9BD9 /* PodcastDetailViewModelTests.swift */ = {isa = PBXFileReference; lastKnownFileType = sourcecode.swift; path = PodcastDetailViewModelTests.swift; sourceTree = "<group>"; };
		00D1EE262C92A2FB001E9BD9 /* PlayerViewModelTests.swift */ = {isa = PBXFileReference; lastKnownFileType = sourcecode.swift; path = PlayerViewModelTests.swift; sourceTree = "<group>"; };
		00D1EE2A2C9313B9001E9BD9 /* PodCastTests.swift */ = {isa = PBXFileReference; lastKnownFileType = sourcecode.swift; path = PodCastTests.swift; sourceTree = "<group>"; };
		00D1EE2C2C9313F0001E9BD9 /* EpisodeTests.swift */ = {isa = PBXFileReference; lastKnownFileType = sourcecode.swift; path = EpisodeTests.swift; sourceTree = "<group>"; };
		00D1EE2E2C931423001E9BD9 /* RSSURLHistoryTests.swift */ = {isa = PBXFileReference; lastKnownFileType = sourcecode.swift; path = RSSURLHistoryTests.swift; sourceTree = "<group>"; };
		00EB6DF62C8B9B1B00A63AA7 /* ImusiCast.app */ = {isa = PBXFileReference; explicitFileType = wrapper.application; includeInIndex = 0; path = ImusiCast.app; sourceTree = BUILT_PRODUCTS_DIR; };
		00EB6DF92C8B9B1B00A63AA7 /* ImusiCastApp.swift */ = {isa = PBXFileReference; lastKnownFileType = sourcecode.swift; path = ImusiCastApp.swift; sourceTree = "<group>"; };
		00EB6DFD2C8B9B1D00A63AA7 /* Assets.xcassets */ = {isa = PBXFileReference; lastKnownFileType = folder.assetcatalog; path = Assets.xcassets; sourceTree = "<group>"; };
		00EB6E002C8B9B1D00A63AA7 /* Preview Assets.xcassets */ = {isa = PBXFileReference; lastKnownFileType = folder.assetcatalog; path = "Preview Assets.xcassets"; sourceTree = "<group>"; };
		00EB6E062C8B9B1D00A63AA7 /* ImusiCastTests.xctest */ = {isa = PBXFileReference; explicitFileType = wrapper.cfbundle; includeInIndex = 0; path = ImusiCastTests.xctest; sourceTree = BUILT_PRODUCTS_DIR; };
		00EB6E102C8B9B1D00A63AA7 /* ImusiCastUITests.xctest */ = {isa = PBXFileReference; explicitFileType = wrapper.cfbundle; includeInIndex = 0; path = ImusiCastUITests.xctest; sourceTree = BUILT_PRODUCTS_DIR; };
		00EB6E142C8B9B1D00A63AA7 /* ImusiCastUITests.swift */ = {isa = PBXFileReference; lastKnownFileType = sourcecode.swift; path = ImusiCastUITests.swift; sourceTree = "<group>"; };
		00EB6E162C8B9B1D00A63AA7 /* ImusiCastUITestsLaunchTests.swift */ = {isa = PBXFileReference; lastKnownFileType = sourcecode.swift; path = ImusiCastUITestsLaunchTests.swift; sourceTree = "<group>"; };
		00EB6E282C8BA23400A63AA7 /* PodCast.swift */ = {isa = PBXFileReference; lastKnownFileType = sourcecode.swift; path = PodCast.swift; sourceTree = "<group>"; };
		00EB6E332C8BC0F800A63AA7 /* RSSSourceView.swift */ = {isa = PBXFileReference; lastKnownFileType = sourcecode.swift; path = RSSSourceView.swift; sourceTree = "<group>"; };
		00EB6E362C8BC13400A63AA7 /* RSSSourceViewModel.swift */ = {isa = PBXFileReference; lastKnownFileType = sourcecode.swift; path = RSSSourceViewModel.swift; sourceTree = "<group>"; };
		00EB6E382C8BD31000A63AA7 /* PodcastDetailViewModel.swift */ = {isa = PBXFileReference; lastKnownFileType = sourcecode.swift; path = PodcastDetailViewModel.swift; sourceTree = "<group>"; };
		00EB6E3A2C8BD37000A63AA7 /* PodcastDetailView.swift */ = {isa = PBXFileReference; lastKnownFileType = sourcecode.swift; path = PodcastDetailView.swift; sourceTree = "<group>"; };
		00EB6E3E2C8BE8B900A63AA7 /* RSSParser.swift */ = {isa = PBXFileReference; lastKnownFileType = sourcecode.swift; path = RSSParser.swift; sourceTree = "<group>"; };
		00EB6E422C8C8C3700A63AA7 /* PlayerViewModel.swift */ = {isa = PBXFileReference; lastKnownFileType = sourcecode.swift; path = PlayerViewModel.swift; sourceTree = "<group>"; };
		00EB6E442C8C8C6100A63AA7 /* PlayerView.swift */ = {isa = PBXFileReference; lastKnownFileType = sourcecode.swift; path = PlayerView.swift; sourceTree = "<group>"; };
		00EB6E472C8CA1DA00A63AA7 /* CacheManager.swift */ = {isa = PBXFileReference; lastKnownFileType = sourcecode.swift; path = CacheManager.swift; sourceTree = "<group>"; };
		00EB6E492C8CC63900A63AA7 /* ImageLoader.swift */ = {isa = PBXFileReference; lastKnownFileType = sourcecode.swift; path = ImageLoader.swift; sourceTree = "<group>"; };
		00EB6E4C2C8CC6EE00A63AA7 /* CachedAsyncImage.swift */ = {isa = PBXFileReference; lastKnownFileType = sourcecode.swift; path = CachedAsyncImage.swift; sourceTree = "<group>"; };
		00EB6E4E2C8CF67000A63AA7 /* AudioPlayer.swift */ = {isa = PBXFileReference; lastKnownFileType = sourcecode.swift; path = AudioPlayer.swift; sourceTree = "<group>"; };
		00EB6E512C8D176900A63AA7 /* RSSURLHistory.swift */ = {isa = PBXFileReference; lastKnownFileType = sourcecode.swift; path = RSSURLHistory.swift; sourceTree = "<group>"; };
		00EB6E532C8D178200A63AA7 /* RSSURLHistoryManager.swift */ = {isa = PBXFileReference; lastKnownFileType = sourcecode.swift; path = RSSURLHistoryManager.swift; sourceTree = "<group>"; };
/* End PBXFileReference section */

/* Begin PBXFrameworksBuildPhase section */
		00EB6DF32C8B9B1B00A63AA7 /* Frameworks */ = {
			isa = PBXFrameworksBuildPhase;
			buildActionMask = 2147483647;
			files = (
			);
			runOnlyForDeploymentPostprocessing = 0;
		};
		00EB6E032C8B9B1D00A63AA7 /* Frameworks */ = {
			isa = PBXFrameworksBuildPhase;
			buildActionMask = 2147483647;
			files = (
			);
			runOnlyForDeploymentPostprocessing = 0;
		};
		00EB6E0D2C8B9B1D00A63AA7 /* Frameworks */ = {
			isa = PBXFrameworksBuildPhase;
			buildActionMask = 2147483647;
			files = (
			);
			runOnlyForDeploymentPostprocessing = 0;
		};
/* End PBXFrameworksBuildPhase section */

/* Begin PBXGroup section */
		00BAF03C2C935C5A00BB0B50 /* View */ = {
			isa = PBXGroup;
			children = (
				00BAF03D2C935C6E00BB0B50 /* PlayerViewTests.swift */,
				00BAF0402C9362A100BB0B50 /* PodcastDetailViewTests.swift */,
			);
			path = View;
			sourceTree = "<group>";
		};
		00D1EE1B2C9262B5001E9BD9 /* Data */ = {
			isa = PBXGroup;
			children = (
				00D1EE1D2C9262CB001E9BD9 /* Network */,
				00D1EE1C2C9262BC001E9BD9 /* Cache */,
			);
			path = Data;
			sourceTree = "<group>";
		};
		00D1EE1C2C9262BC001E9BD9 /* Cache */ = {
			isa = PBXGroup;
			children = (
				00D1EE0D2C924B81001E9BD9 /* CacheManagerTests.swift */,
			);
			path = Cache;
			sourceTree = "<group>";
		};
		00D1EE1D2C9262CB001E9BD9 /* Network */ = {
			isa = PBXGroup;
			children = (
				00D1EE192C9258CA001E9BD9 /* RSSParserDelegateTests.swift */,
				00D1EE152C9254BA001E9BD9 /* RSSURLHistoryManagerTests.swift */,
				00D1EE132C92548B001E9BD9 /* AudioPlayerTests.swift */,
				00D1EE0F2C924E68001E9BD9 /* RSSParserTests.swift */,
				00D1EE112C92544E001E9BD9 /* ImageLoaderTests.swift */,
			);
			path = Network;
			sourceTree = "<group>";
		};
		00D1EE202C92A090001E9BD9 /* Presentation */ = {
			isa = PBXGroup;
			children = (
				00BAF03C2C935C5A00BB0B50 /* View */,
				00D1EE212C92A0A1001E9BD9 /* ViewModel */,
			);
			path = Presentation;
			sourceTree = "<group>";
		};
		00D1EE212C92A0A1001E9BD9 /* ViewModel */ = {
			isa = PBXGroup;
			children = (
				00D1EE222C92A0B2001E9BD9 /* RSSSourceViewModelTests.swift */,
				00D1EE242C92A296001E9BD9 /* PodcastDetailViewModelTests.swift */,
				00D1EE262C92A2FB001E9BD9 /* PlayerViewModelTests.swift */,
			);
			path = ViewModel;
			sourceTree = "<group>";
		};
		00D1EE282C931327001E9BD9 /* Domain */ = {
			isa = PBXGroup;
			children = (
				00D1EE292C931347001E9BD9 /* Entities */,
			);
			path = Domain;
			sourceTree = "<group>";
		};
		00D1EE292C931347001E9BD9 /* Entities */ = {
			isa = PBXGroup;
			children = (
				00D1EE2A2C9313B9001E9BD9 /* PodCastTests.swift */,
				00D1EE2C2C9313F0001E9BD9 /* EpisodeTests.swift */,
				00D1EE2E2C931423001E9BD9 /* RSSURLHistoryTests.swift */,
			);
			path = Entities;
			sourceTree = "<group>";
		};
		00EB6DED2C8B9B1B00A63AA7 = {
			isa = PBXGroup;
			children = (
				00EB6DF82C8B9B1B00A63AA7 /* ImusiCast */,
				00EB6E092C8B9B1D00A63AA7 /* ImusiCastTests */,
				00EB6E132C8B9B1D00A63AA7 /* ImusiCastUITests */,
				00EB6DF72C8B9B1B00A63AA7 /* Products */,
			);
			sourceTree = "<group>";
		};
		00EB6DF72C8B9B1B00A63AA7 /* Products */ = {
			isa = PBXGroup;
			children = (
				00EB6DF62C8B9B1B00A63AA7 /* ImusiCast.app */,
				00EB6E062C8B9B1D00A63AA7 /* ImusiCastTests.xctest */,
				00EB6E102C8B9B1D00A63AA7 /* ImusiCastUITests.xctest */,
			);
			name = Products;
			sourceTree = "<group>";
		};
		00EB6DF82C8B9B1B00A63AA7 /* ImusiCast */ = {
			isa = PBXGroup;
			children = (
				00EB6E3C2C8BE81200A63AA7 /* Data */,
				00EB6E272C8B9B8900A63AA7 /* Resources */,
				00EB6E262C8B9B7400A63AA7 /* Core */,
				00EB6E252C8B9B6000A63AA7 /* Presentation */,
				00EB6E242C8B9B5300A63AA7 /* Domain */,
				00EB6DF92C8B9B1B00A63AA7 /* ImusiCastApp.swift */,
			);
			path = ImusiCast;
			sourceTree = "<group>";
		};
		00EB6DFF2C8B9B1D00A63AA7 /* Preview Content */ = {
			isa = PBXGroup;
			children = (
				00EB6E002C8B9B1D00A63AA7 /* Preview Assets.xcassets */,
			);
			path = "Preview Content";
			sourceTree = "<group>";
		};
		00EB6E092C8B9B1D00A63AA7 /* ImusiCastTests */ = {
			isa = PBXGroup;
			children = (
				00D1EE1B2C9262B5001E9BD9 /* Data */,
				00D1EE282C931327001E9BD9 /* Domain */,
				00D1EE202C92A090001E9BD9 /* Presentation */,
				00D1EE172C92570F001E9BD9 /* TestHelpers.swift */,
			);
			path = ImusiCastTests;
			sourceTree = "<group>";
		};
		00EB6E132C8B9B1D00A63AA7 /* ImusiCastUITests */ = {
			isa = PBXGroup;
			children = (
				00EB6E142C8B9B1D00A63AA7 /* ImusiCastUITests.swift */,
				00EB6E162C8B9B1D00A63AA7 /* ImusiCastUITestsLaunchTests.swift */,
			);
			path = ImusiCastUITests;
			sourceTree = "<group>";
		};
		00EB6E242C8B9B5300A63AA7 /* Domain */ = {
			isa = PBXGroup;
			children = (
				00EB6E502C8D160200A63AA7 /* Entities */,
			);
			path = Domain;
			sourceTree = "<group>";
		};
		00EB6E252C8B9B6000A63AA7 /* Presentation */ = {
			isa = PBXGroup;
			children = (
				00EB6E352C8BC11D00A63AA7 /* ViewModel */,
				00EB6E302C8BC0C100A63AA7 /* Views */,
			);
			path = Presentation;
			sourceTree = "<group>";
		};
		00EB6E262C8B9B7400A63AA7 /* Core */ = {
			isa = PBXGroup;
			children = (
			);
			path = Core;
			sourceTree = "<group>";
		};
		00EB6E272C8B9B8900A63AA7 /* Resources */ = {
			isa = PBXGroup;
			children = (
				00EB6DFF2C8B9B1D00A63AA7 /* Preview Content */,
				00EB6DFD2C8B9B1D00A63AA7 /* Assets.xcassets */,
			);
			path = Resources;
			sourceTree = "<group>";
		};
		00EB6E302C8BC0C100A63AA7 /* Views */ = {
			isa = PBXGroup;
			children = (
				00EB6E332C8BC0F800A63AA7 /* RSSSourceView.swift */,
				00EB6E3A2C8BD37000A63AA7 /* PodcastDetailView.swift */,
				00EB6E442C8C8C6100A63AA7 /* PlayerView.swift */,
			);
			path = Views;
			sourceTree = "<group>";
		};
		00EB6E352C8BC11D00A63AA7 /* ViewModel */ = {
			isa = PBXGroup;
			children = (
				00EB6E362C8BC13400A63AA7 /* RSSSourceViewModel.swift */,
				00EB6E382C8BD31000A63AA7 /* PodcastDetailViewModel.swift */,
				00EB6E422C8C8C3700A63AA7 /* PlayerViewModel.swift */,
			);
			path = ViewModel;
			sourceTree = "<group>";
		};
		00EB6E3C2C8BE81200A63AA7 /* Data */ = {
			isa = PBXGroup;
			children = (
				00EB6E462C8CA1CA00A63AA7 /* Cache */,
				00EB6E412C8BE9A700A63AA7 /* Network */,
			);
			path = Data;
			sourceTree = "<group>";
		};
		00EB6E412C8BE9A700A63AA7 /* Network */ = {
			isa = PBXGroup;
			children = (
				00EB6E3E2C8BE8B900A63AA7 /* RSSParser.swift */,
				00EB6E492C8CC63900A63AA7 /* ImageLoader.swift */,
				00EB6E4E2C8CF67000A63AA7 /* AudioPlayer.swift */,
				00EB6E532C8D178200A63AA7 /* RSSURLHistoryManager.swift */,
				0026E03C2C8E516E003472C0 /* RSSParserDelegate.swift */,
			);
			path = Network;
			sourceTree = "<group>";
		};
		00EB6E462C8CA1CA00A63AA7 /* Cache */ = {
			isa = PBXGroup;
			children = (
				00EB6E4C2C8CC6EE00A63AA7 /* CachedAsyncImage.swift */,
				00EB6E472C8CA1DA00A63AA7 /* CacheManager.swift */,
			);
			path = Cache;
			sourceTree = "<group>";
		};
		00EB6E502C8D160200A63AA7 /* Entities */ = {
			isa = PBXGroup;
			children = (
				00EB6E282C8BA23400A63AA7 /* PodCast.swift */,
				00D1EE0B2C9240E4001E9BD9 /* Episode.swift */,
				00EB6E512C8D176900A63AA7 /* RSSURLHistory.swift */,
			);
			path = Entities;
			sourceTree = "<group>";
		};
/* End PBXGroup section */

/* Begin PBXNativeTarget section */
		00EB6DF52C8B9B1B00A63AA7 /* ImusiCast */ = {
			isa = PBXNativeTarget;
			buildConfigurationList = 00EB6E1A2C8B9B1D00A63AA7 /* Build configuration list for PBXNativeTarget "ImusiCast" */;
			buildPhases = (
				00EB6DF22C8B9B1B00A63AA7 /* Sources */,
				00EB6DF32C8B9B1B00A63AA7 /* Frameworks */,
				00EB6DF42C8B9B1B00A63AA7 /* Resources */,
			);
			buildRules = (
			);
			dependencies = (
			);
			name = ImusiCast;
			productName = ImusiCast;
			productReference = 00EB6DF62C8B9B1B00A63AA7 /* ImusiCast.app */;
			productType = "com.apple.product-type.application";
		};
		00EB6E052C8B9B1D00A63AA7 /* ImusiCastTests */ = {
			isa = PBXNativeTarget;
			buildConfigurationList = 00EB6E1D2C8B9B1D00A63AA7 /* Build configuration list for PBXNativeTarget "ImusiCastTests" */;
			buildPhases = (
				00EB6E022C8B9B1D00A63AA7 /* Sources */,
				00EB6E032C8B9B1D00A63AA7 /* Frameworks */,
				00EB6E042C8B9B1D00A63AA7 /* Resources */,
			);
			buildRules = (
			);
			dependencies = (
				00EB6E082C8B9B1D00A63AA7 /* PBXTargetDependency */,
			);
			name = ImusiCastTests;
			productName = ImusiCastTests;
			productReference = 00EB6E062C8B9B1D00A63AA7 /* ImusiCastTests.xctest */;
			productType = "com.apple.product-type.bundle.unit-test";
		};
		00EB6E0F2C8B9B1D00A63AA7 /* ImusiCastUITests */ = {
			isa = PBXNativeTarget;
			buildConfigurationList = 00EB6E202C8B9B1D00A63AA7 /* Build configuration list for PBXNativeTarget "ImusiCastUITests" */;
			buildPhases = (
				00EB6E0C2C8B9B1D00A63AA7 /* Sources */,
				00EB6E0D2C8B9B1D00A63AA7 /* Frameworks */,
				00EB6E0E2C8B9B1D00A63AA7 /* Resources */,
			);
			buildRules = (
			);
			dependencies = (
				00EB6E122C8B9B1D00A63AA7 /* PBXTargetDependency */,
			);
			name = ImusiCastUITests;
			productName = ImusiCastUITests;
			productReference = 00EB6E102C8B9B1D00A63AA7 /* ImusiCastUITests.xctest */;
			productType = "com.apple.product-type.bundle.ui-testing";
		};
/* End PBXNativeTarget section */

/* Begin PBXProject section */
		00EB6DEE2C8B9B1B00A63AA7 /* Project object */ = {
			isa = PBXProject;
			attributes = {
				BuildIndependentTargetsInParallel = 1;
				LastSwiftUpdateCheck = 1540;
				LastUpgradeCheck = 1540;
				TargetAttributes = {
					00EB6DF52C8B9B1B00A63AA7 = {
						CreatedOnToolsVersion = 15.4;
					};
					00EB6E052C8B9B1D00A63AA7 = {
						CreatedOnToolsVersion = 15.4;
						TestTargetID = 00EB6DF52C8B9B1B00A63AA7;
					};
					00EB6E0F2C8B9B1D00A63AA7 = {
						CreatedOnToolsVersion = 15.4;
						TestTargetID = 00EB6DF52C8B9B1B00A63AA7;
					};
				};
			};
			buildConfigurationList = 00EB6DF12C8B9B1B00A63AA7 /* Build configuration list for PBXProject "ImusiCast" */;
			compatibilityVersion = "Xcode 14.0";
			developmentRegion = en;
			hasScannedForEncodings = 0;
			knownRegions = (
				en,
				Base,
			);
			mainGroup = 00EB6DED2C8B9B1B00A63AA7;
			productRefGroup = 00EB6DF72C8B9B1B00A63AA7 /* Products */;
			projectDirPath = "";
			projectRoot = "";
			targets = (
				00EB6DF52C8B9B1B00A63AA7 /* ImusiCast */,
				00EB6E052C8B9B1D00A63AA7 /* ImusiCastTests */,
				00EB6E0F2C8B9B1D00A63AA7 /* ImusiCastUITests */,
			);
		};
/* End PBXProject section */

/* Begin PBXResourcesBuildPhase section */
		00EB6DF42C8B9B1B00A63AA7 /* Resources */ = {
			isa = PBXResourcesBuildPhase;
			buildActionMask = 2147483647;
			files = (
				00EB6E012C8B9B1D00A63AA7 /* Preview Assets.xcassets in Resources */,
				00EB6DFE2C8B9B1D00A63AA7 /* Assets.xcassets in Resources */,
			);
			runOnlyForDeploymentPostprocessing = 0;
		};
		00EB6E042C8B9B1D00A63AA7 /* Resources */ = {
			isa = PBXResourcesBuildPhase;
			buildActionMask = 2147483647;
			files = (
			);
			runOnlyForDeploymentPostprocessing = 0;
		};
		00EB6E0E2C8B9B1D00A63AA7 /* Resources */ = {
			isa = PBXResourcesBuildPhase;
			buildActionMask = 2147483647;
			files = (
			);
			runOnlyForDeploymentPostprocessing = 0;
		};
/* End PBXResourcesBuildPhase section */

/* Begin PBXSourcesBuildPhase section */
		00EB6DF22C8B9B1B00A63AA7 /* Sources */ = {
			isa = PBXSourcesBuildPhase;
			buildActionMask = 2147483647;
			files = (
				00EB6E522C8D176900A63AA7 /* RSSURLHistory.swift in Sources */,
				0026E03D2C8E516E003472C0 /* RSSParserDelegate.swift in Sources */,
				00EB6E432C8C8C3700A63AA7 /* PlayerViewModel.swift in Sources */,
				00D1EE0C2C9240E4001E9BD9 /* Episode.swift in Sources */,
				00EB6E4D2C8CC6EE00A63AA7 /* CachedAsyncImage.swift in Sources */,
				00EB6E372C8BC13400A63AA7 /* RSSSourceViewModel.swift in Sources */,
				00EB6E4A2C8CC63900A63AA7 /* ImageLoader.swift in Sources */,
				00EB6E342C8BC0F800A63AA7 /* RSSSourceView.swift in Sources */,
				00EB6E452C8C8C6100A63AA7 /* PlayerView.swift in Sources */,
				00EB6E392C8BD31000A63AA7 /* PodcastDetailViewModel.swift in Sources */,
				00EB6E482C8CA1DA00A63AA7 /* CacheManager.swift in Sources */,
				00EB6E292C8BA23400A63AA7 /* PodCast.swift in Sources */,
				00EB6DFA2C8B9B1B00A63AA7 /* ImusiCastApp.swift in Sources */,
				00EB6E3B2C8BD37000A63AA7 /* PodcastDetailView.swift in Sources */,
				00EB6E542C8D178200A63AA7 /* RSSURLHistoryManager.swift in Sources */,
				00EB6E3F2C8BE8B900A63AA7 /* RSSParser.swift in Sources */,
				00EB6E4F2C8CF67000A63AA7 /* AudioPlayer.swift in Sources */,
			);
			runOnlyForDeploymentPostprocessing = 0;
		};
		00EB6E022C8B9B1D00A63AA7 /* Sources */ = {
			isa = PBXSourcesBuildPhase;
			buildActionMask = 2147483647;
			files = (
				00D1EE102C924E68001E9BD9 /* RSSParserTests.swift in Sources */,
				00BAF03E2C935C6E00BB0B50 /* PlayerViewTests.swift in Sources */,
				00D1EE272C92A2FB001E9BD9 /* PlayerViewModelTests.swift in Sources */,
				00D1EE0E2C924B81001E9BD9 /* CacheManagerTests.swift in Sources */,
				00D1EE1A2C9258CA001E9BD9 /* RSSParserDelegateTests.swift in Sources */,
				00D1EE182C92570F001E9BD9 /* TestHelpers.swift in Sources */,
				00D1EE122C92544E001E9BD9 /* ImageLoaderTests.swift in Sources */,
				00BAF0412C9362A100BB0B50 /* PodcastDetailViewTests.swift in Sources */,
				00D1EE162C9254BA001E9BD9 /* RSSURLHistoryManagerTests.swift in Sources */,
				00D1EE2B2C9313B9001E9BD9 /* PodCastTests.swift in Sources */,
				00D1EE232C92A0B2001E9BD9 /* RSSSourceViewModelTests.swift in Sources */,
				00D1EE142C92548B001E9BD9 /* AudioPlayerTests.swift in Sources */,
				00D1EE2F2C931423001E9BD9 /* RSSURLHistoryTests.swift in Sources */,
				00D1EE252C92A296001E9BD9 /* PodcastDetailViewModelTests.swift in Sources */,
				00D1EE2D2C9313F0001E9BD9 /* EpisodeTests.swift in Sources */,
			);
			runOnlyForDeploymentPostprocessing = 0;
		};
		00EB6E0C2C8B9B1D00A63AA7 /* Sources */ = {
			isa = PBXSourcesBuildPhase;
			buildActionMask = 2147483647;
			files = (
				00EB6E152C8B9B1D00A63AA7 /* ImusiCastUITests.swift in Sources */,
				00EB6E172C8B9B1D00A63AA7 /* ImusiCastUITestsLaunchTests.swift in Sources */,
			);
			runOnlyForDeploymentPostprocessing = 0;
		};
/* End PBXSourcesBuildPhase section */

/* Begin PBXTargetDependency section */
		00EB6E082C8B9B1D00A63AA7 /* PBXTargetDependency */ = {
			isa = PBXTargetDependency;
			target = 00EB6DF52C8B9B1B00A63AA7 /* ImusiCast */;
			targetProxy = 00EB6E072C8B9B1D00A63AA7 /* PBXContainerItemProxy */;
		};
		00EB6E122C8B9B1D00A63AA7 /* PBXTargetDependency */ = {
			isa = PBXTargetDependency;
			target = 00EB6DF52C8B9B1B00A63AA7 /* ImusiCast */;
			targetProxy = 00EB6E112C8B9B1D00A63AA7 /* PBXContainerItemProxy */;
		};
/* End PBXTargetDependency section */

/* Begin XCBuildConfiguration section */
		00EB6E182C8B9B1D00A63AA7 /* Debug */ = {
			isa = XCBuildConfiguration;
			buildSettings = {
				ALWAYS_SEARCH_USER_PATHS = NO;
				ASSETCATALOG_COMPILER_GENERATE_SWIFT_ASSET_SYMBOL_EXTENSIONS = YES;
				CLANG_ANALYZER_NONNULL = YES;
				CLANG_ANALYZER_NUMBER_OBJECT_CONVERSION = YES_AGGRESSIVE;
				CLANG_CXX_LANGUAGE_STANDARD = "gnu++20";
				CLANG_ENABLE_MODULES = YES;
				CLANG_ENABLE_OBJC_ARC = YES;
				CLANG_ENABLE_OBJC_WEAK = YES;
				CLANG_WARN_BLOCK_CAPTURE_AUTORELEASING = YES;
				CLANG_WARN_BOOL_CONVERSION = YES;
				CLANG_WARN_COMMA = YES;
				CLANG_WARN_CONSTANT_CONVERSION = YES;
				CLANG_WARN_DEPRECATED_OBJC_IMPLEMENTATIONS = YES;
				CLANG_WARN_DIRECT_OBJC_ISA_USAGE = YES_ERROR;
				CLANG_WARN_DOCUMENTATION_COMMENTS = YES;
				CLANG_WARN_EMPTY_BODY = YES;
				CLANG_WARN_ENUM_CONVERSION = YES;
				CLANG_WARN_INFINITE_RECURSION = YES;
				CLANG_WARN_INT_CONVERSION = YES;
				CLANG_WARN_NON_LITERAL_NULL_CONVERSION = YES;
				CLANG_WARN_OBJC_IMPLICIT_RETAIN_SELF = YES;
				CLANG_WARN_OBJC_LITERAL_CONVERSION = YES;
				CLANG_WARN_OBJC_ROOT_CLASS = YES_ERROR;
				CLANG_WARN_QUOTED_INCLUDE_IN_FRAMEWORK_HEADER = YES;
				CLANG_WARN_RANGE_LOOP_ANALYSIS = YES;
				CLANG_WARN_STRICT_PROTOTYPES = YES;
				CLANG_WARN_SUSPICIOUS_MOVE = YES;
				CLANG_WARN_UNGUARDED_AVAILABILITY = YES_AGGRESSIVE;
				CLANG_WARN_UNREACHABLE_CODE = YES;
				CLANG_WARN__DUPLICATE_METHOD_MATCH = YES;
				COPY_PHASE_STRIP = NO;
				DEBUG_INFORMATION_FORMAT = dwarf;
				ENABLE_STRICT_OBJC_MSGSEND = YES;
				ENABLE_TESTABILITY = YES;
				ENABLE_USER_SCRIPT_SANDBOXING = YES;
				GCC_C_LANGUAGE_STANDARD = gnu17;
				GCC_DYNAMIC_NO_PIC = NO;
				GCC_NO_COMMON_BLOCKS = YES;
				GCC_OPTIMIZATION_LEVEL = 0;
				GCC_PREPROCESSOR_DEFINITIONS = (
					"DEBUG=1",
					"$(inherited)",
				);
				GCC_WARN_64_TO_32_BIT_CONVERSION = YES;
				GCC_WARN_ABOUT_RETURN_TYPE = YES_ERROR;
				GCC_WARN_UNDECLARED_SELECTOR = YES;
				GCC_WARN_UNINITIALIZED_AUTOS = YES_AGGRESSIVE;
				GCC_WARN_UNUSED_FUNCTION = YES;
				GCC_WARN_UNUSED_VARIABLE = YES;
				IPHONEOS_DEPLOYMENT_TARGET = 17.5;
				LOCALIZATION_PREFERS_STRING_CATALOGS = YES;
				MTL_ENABLE_DEBUG_INFO = INCLUDE_SOURCE;
				MTL_FAST_MATH = YES;
				ONLY_ACTIVE_ARCH = YES;
				SDKROOT = iphoneos;
				SWIFT_ACTIVE_COMPILATION_CONDITIONS = "DEBUG $(inherited)";
				SWIFT_OPTIMIZATION_LEVEL = "-Onone";
			};
			name = Debug;
		};
		00EB6E192C8B9B1D00A63AA7 /* Release */ = {
			isa = XCBuildConfiguration;
			buildSettings = {
				ALWAYS_SEARCH_USER_PATHS = NO;
				ASSETCATALOG_COMPILER_GENERATE_SWIFT_ASSET_SYMBOL_EXTENSIONS = YES;
				CLANG_ANALYZER_NONNULL = YES;
				CLANG_ANALYZER_NUMBER_OBJECT_CONVERSION = YES_AGGRESSIVE;
				CLANG_CXX_LANGUAGE_STANDARD = "gnu++20";
				CLANG_ENABLE_MODULES = YES;
				CLANG_ENABLE_OBJC_ARC = YES;
				CLANG_ENABLE_OBJC_WEAK = YES;
				CLANG_WARN_BLOCK_CAPTURE_AUTORELEASING = YES;
				CLANG_WARN_BOOL_CONVERSION = YES;
				CLANG_WARN_COMMA = YES;
				CLANG_WARN_CONSTANT_CONVERSION = YES;
				CLANG_WARN_DEPRECATED_OBJC_IMPLEMENTATIONS = YES;
				CLANG_WARN_DIRECT_OBJC_ISA_USAGE = YES_ERROR;
				CLANG_WARN_DOCUMENTATION_COMMENTS = YES;
				CLANG_WARN_EMPTY_BODY = YES;
				CLANG_WARN_ENUM_CONVERSION = YES;
				CLANG_WARN_INFINITE_RECURSION = YES;
				CLANG_WARN_INT_CONVERSION = YES;
				CLANG_WARN_NON_LITERAL_NULL_CONVERSION = YES;
				CLANG_WARN_OBJC_IMPLICIT_RETAIN_SELF = YES;
				CLANG_WARN_OBJC_LITERAL_CONVERSION = YES;
				CLANG_WARN_OBJC_ROOT_CLASS = YES_ERROR;
				CLANG_WARN_QUOTED_INCLUDE_IN_FRAMEWORK_HEADER = YES;
				CLANG_WARN_RANGE_LOOP_ANALYSIS = YES;
				CLANG_WARN_STRICT_PROTOTYPES = YES;
				CLANG_WARN_SUSPICIOUS_MOVE = YES;
				CLANG_WARN_UNGUARDED_AVAILABILITY = YES_AGGRESSIVE;
				CLANG_WARN_UNREACHABLE_CODE = YES;
				CLANG_WARN__DUPLICATE_METHOD_MATCH = YES;
				COPY_PHASE_STRIP = NO;
				DEBUG_INFORMATION_FORMAT = "dwarf-with-dsym";
				ENABLE_NS_ASSERTIONS = NO;
				ENABLE_STRICT_OBJC_MSGSEND = YES;
				ENABLE_USER_SCRIPT_SANDBOXING = YES;
				GCC_C_LANGUAGE_STANDARD = gnu17;
				GCC_NO_COMMON_BLOCKS = YES;
				GCC_WARN_64_TO_32_BIT_CONVERSION = YES;
				GCC_WARN_ABOUT_RETURN_TYPE = YES_ERROR;
				GCC_WARN_UNDECLARED_SELECTOR = YES;
				GCC_WARN_UNINITIALIZED_AUTOS = YES_AGGRESSIVE;
				GCC_WARN_UNUSED_FUNCTION = YES;
				GCC_WARN_UNUSED_VARIABLE = YES;
				IPHONEOS_DEPLOYMENT_TARGET = 17.5;
				LOCALIZATION_PREFERS_STRING_CATALOGS = YES;
				MTL_ENABLE_DEBUG_INFO = NO;
				MTL_FAST_MATH = YES;
				SDKROOT = iphoneos;
				SWIFT_COMPILATION_MODE = wholemodule;
				VALIDATE_PRODUCT = YES;
			};
			name = Release;
		};
		00EB6E1B2C8B9B1D00A63AA7 /* Debug */ = {
			isa = XCBuildConfiguration;
			buildSettings = {
				ASSETCATALOG_COMPILER_APPICON_NAME = AppIcon;
				ASSETCATALOG_COMPILER_GLOBAL_ACCENT_COLOR_NAME = AccentColor;
				CODE_SIGN_STYLE = Automatic;
				CURRENT_PROJECT_VERSION = 1;
				DEVELOPMENT_ASSET_PATHS = "\"ImusiCast/Resources/Preview Content\"";
				ENABLE_PREVIEWS = YES;
				GENERATE_INFOPLIST_FILE = YES;
				INFOPLIST_KEY_UIApplicationSceneManifest_Generation = YES;
				INFOPLIST_KEY_UIApplicationSupportsIndirectInputEvents = YES;
				INFOPLIST_KEY_UILaunchScreen_Generation = YES;
				INFOPLIST_KEY_UISupportedInterfaceOrientations_iPad = "UIInterfaceOrientationPortrait UIInterfaceOrientationPortraitUpsideDown UIInterfaceOrientationLandscapeLeft UIInterfaceOrientationLandscapeRight";
				INFOPLIST_KEY_UISupportedInterfaceOrientations_iPhone = "UIInterfaceOrientationPortrait UIInterfaceOrientationLandscapeLeft UIInterfaceOrientationLandscapeRight";
				LD_RUNPATH_SEARCH_PATHS = (
					"$(inherited)",
					"@executable_path/Frameworks",
				);
				MARKETING_VERSION = 1.0;
				PRODUCT_BUNDLE_IDENTIFIER = com.ImusiCast;
				PRODUCT_NAME = "$(TARGET_NAME)";
				SWIFT_EMIT_LOC_STRINGS = YES;
				SWIFT_VERSION = 5.0;
				TARGETED_DEVICE_FAMILY = "1,2";
			};
			name = Debug;
		};
		00EB6E1C2C8B9B1D00A63AA7 /* Release */ = {
			isa = XCBuildConfiguration;
			buildSettings = {
				ASSETCATALOG_COMPILER_APPICON_NAME = AppIcon;
				ASSETCATALOG_COMPILER_GLOBAL_ACCENT_COLOR_NAME = AccentColor;
				CODE_SIGN_STYLE = Automatic;
				CURRENT_PROJECT_VERSION = 1;
				DEVELOPMENT_ASSET_PATHS = "\"ImusiCast/Resources/Preview Content\"";
				ENABLE_PREVIEWS = YES;
				GENERATE_INFOPLIST_FILE = YES;
				INFOPLIST_KEY_UIApplicationSceneManifest_Generation = YES;
				INFOPLIST_KEY_UIApplicationSupportsIndirectInputEvents = YES;
				INFOPLIST_KEY_UILaunchScreen_Generation = YES;
				INFOPLIST_KEY_UISupportedInterfaceOrientations_iPad = "UIInterfaceOrientationPortrait UIInterfaceOrientationPortraitUpsideDown UIInterfaceOrientationLandscapeLeft UIInterfaceOrientationLandscapeRight";
				INFOPLIST_KEY_UISupportedInterfaceOrientations_iPhone = "UIInterfaceOrientationPortrait UIInterfaceOrientationLandscapeLeft UIInterfaceOrientationLandscapeRight";
				LD_RUNPATH_SEARCH_PATHS = (
					"$(inherited)",
					"@executable_path/Frameworks",
				);
				MARKETING_VERSION = 1.0;
				PRODUCT_BUNDLE_IDENTIFIER = com.ImusiCast;
				PRODUCT_NAME = "$(TARGET_NAME)";
				SWIFT_EMIT_LOC_STRINGS = YES;
				SWIFT_VERSION = 5.0;
				TARGETED_DEVICE_FAMILY = "1,2";
			};
			name = Release;
		};
		00EB6E1E2C8B9B1D00A63AA7 /* Debug */ = {
			isa = XCBuildConfiguration;
			buildSettings = {
				ALWAYS_EMBED_SWIFT_STANDARD_LIBRARIES = YES;
				BUNDLE_LOADER = "$(TEST_HOST)";
				CODE_SIGN_STYLE = Automatic;
				CURRENT_PROJECT_VERSION = 1;
				GENERATE_INFOPLIST_FILE = YES;
				IPHONEOS_DEPLOYMENT_TARGET = 17.5;
				MARKETING_VERSION = 1.0;
				PRODUCT_BUNDLE_IDENTIFIER = com.ImusiCastTests;
				PRODUCT_NAME = "$(TARGET_NAME)";
				SWIFT_EMIT_LOC_STRINGS = NO;
				SWIFT_VERSION = 5.0;
				TARGETED_DEVICE_FAMILY = "1,2";
				TEST_HOST = "$(BUILT_PRODUCTS_DIR)/ImusiCast.app/$(BUNDLE_EXECUTABLE_FOLDER_PATH)/ImusiCast";
			};
			name = Debug;
		};
		00EB6E1F2C8B9B1D00A63AA7 /* Release */ = {
			isa = XCBuildConfiguration;
			buildSettings = {
				ALWAYS_EMBED_SWIFT_STANDARD_LIBRARIES = YES;
				BUNDLE_LOADER = "$(TEST_HOST)";
				CODE_SIGN_STYLE = Automatic;
				CURRENT_PROJECT_VERSION = 1;
				GENERATE_INFOPLIST_FILE = YES;
				IPHONEOS_DEPLOYMENT_TARGET = 17.5;
				MARKETING_VERSION = 1.0;
				PRODUCT_BUNDLE_IDENTIFIER = com.ImusiCastTests;
				PRODUCT_NAME = "$(TARGET_NAME)";
				SWIFT_EMIT_LOC_STRINGS = NO;
				SWIFT_VERSION = 5.0;
				TARGETED_DEVICE_FAMILY = "1,2";
				TEST_HOST = "$(BUILT_PRODUCTS_DIR)/ImusiCast.app/$(BUNDLE_EXECUTABLE_FOLDER_PATH)/ImusiCast";
			};
			name = Release;
		};
		00EB6E212C8B9B1D00A63AA7 /* Debug */ = {
			isa = XCBuildConfiguration;
			buildSettings = {
				ALWAYS_EMBED_SWIFT_STANDARD_LIBRARIES = YES;
				CODE_SIGN_STYLE = Automatic;
				CURRENT_PROJECT_VERSION = 1;
				GENERATE_INFOPLIST_FILE = YES;
				MARKETING_VERSION = 1.0;
				PRODUCT_BUNDLE_IDENTIFIER = com.ImusiCastUITests;
				PRODUCT_NAME = "$(TARGET_NAME)";
				SWIFT_EMIT_LOC_STRINGS = NO;
				SWIFT_VERSION = 5.0;
				TARGETED_DEVICE_FAMILY = "1,2";
				TEST_TARGET_NAME = ImusiCast;
			};
			name = Debug;
		};
		00EB6E222C8B9B1D00A63AA7 /* Release */ = {
			isa = XCBuildConfiguration;
			buildSettings = {
				ALWAYS_EMBED_SWIFT_STANDARD_LIBRARIES = YES;
				CODE_SIGN_STYLE = Automatic;
				CURRENT_PROJECT_VERSION = 1;
				GENERATE_INFOPLIST_FILE = YES;
				MARKETING_VERSION = 1.0;
				PRODUCT_BUNDLE_IDENTIFIER = com.ImusiCastUITests;
				PRODUCT_NAME = "$(TARGET_NAME)";
				SWIFT_EMIT_LOC_STRINGS = NO;
				SWIFT_VERSION = 5.0;
				TARGETED_DEVICE_FAMILY = "1,2";
				TEST_TARGET_NAME = ImusiCast;
			};
			name = Release;
		};
/* End XCBuildConfiguration section */

/* Begin XCConfigurationList section */
		00EB6DF12C8B9B1B00A63AA7 /* Build configuration list for PBXProject "ImusiCast" */ = {
			isa = XCConfigurationList;
			buildConfigurations = (
				00EB6E182C8B9B1D00A63AA7 /* Debug */,
				00EB6E192C8B9B1D00A63AA7 /* Release */,
			);
			defaultConfigurationIsVisible = 0;
			defaultConfigurationName = Release;
		};
		00EB6E1A2C8B9B1D00A63AA7 /* Build configuration list for PBXNativeTarget "ImusiCast" */ = {
			isa = XCConfigurationList;
			buildConfigurations = (
				00EB6E1B2C8B9B1D00A63AA7 /* Debug */,
				00EB6E1C2C8B9B1D00A63AA7 /* Release */,
			);
			defaultConfigurationIsVisible = 0;
			defaultConfigurationName = Release;
		};
		00EB6E1D2C8B9B1D00A63AA7 /* Build configuration list for PBXNativeTarget "ImusiCastTests" */ = {
			isa = XCConfigurationList;
			buildConfigurations = (
				00EB6E1E2C8B9B1D00A63AA7 /* Debug */,
				00EB6E1F2C8B9B1D00A63AA7 /* Release */,
			);
			defaultConfigurationIsVisible = 0;
			defaultConfigurationName = Release;
		};
		00EB6E202C8B9B1D00A63AA7 /* Build configuration list for PBXNativeTarget "ImusiCastUITests" */ = {
			isa = XCConfigurationList;
			buildConfigurations = (
				00EB6E212C8B9B1D00A63AA7 /* Debug */,
				00EB6E222C8B9B1D00A63AA7 /* Release */,
			);
			defaultConfigurationIsVisible = 0;
			defaultConfigurationName = Release;
		};
/* End XCConfigurationList section */
	};
	rootObject = 00EB6DEE2C8B9B1B00A63AA7 /* Project object */;
}
