// !$*UTF8*$!
{
	archiveVersion = 1;
	classes = {
	};
	objectVersion = 56;
	objects = {

/* Begin PBXBuildFile section */
		00EB6DFE2C8B9B1D00A63AA7 /* Assets.xcassets in Resources */ = {isa = PBXBuildFile; fileRef = 00EB6DFD2C8B9B1D00A63AA7 /* Assets.xcassets */; };
		00EB6E012C8B9B1D00A63AA7 /* Preview Assets.xcassets in Resources */ = {isa = PBXBuildFile; fileRef = 00EB6E002C8B9B1D00A63AA7 /* Preview Assets.xcassets */; };
		00EB6E172C8B9B1D00A63AA7 /* ImusiCastUITestsLaunchTests.swift in Sources */ = {isa = PBXBuildFile; fileRef = 00EB6E162C8B9B1D00A63AA7 /* ImusiCastUITestsLaunchTests.swift */; };
		00FBD2F72C93BC62008044E4 /* CachedAsyncImage.swift in Sources */ = {isa = PBXBuildFile; fileRef = 00FBD2ED2C93BC62008044E4 /* CachedAsyncImage.swift */; };
		00FBD2F82C93BC62008044E4 /* CacheManager.swift in Sources */ = {isa = PBXBuildFile; fileRef = 00FBD2EE2C93BC62008044E4 /* CacheManager.swift */; };
		00FBD2F92C93BC62008044E4 /* AudioPlayer.swift in Sources */ = {isa = PBXBuildFile; fileRef = 00FBD2F02C93BC62008044E4 /* AudioPlayer.swift */; };
		00FBD2FA2C93BC62008044E4 /* ImageLoader.swift in Sources */ = {isa = PBXBuildFile; fileRef = 00FBD2F12C93BC62008044E4 /* ImageLoader.swift */; };
		00FBD2FB2C93BC62008044E4 /* RSSParser.swift in Sources */ = {isa = PBXBuildFile; fileRef = 00FBD2F22C93BC62008044E4 /* RSSParser.swift */; };
		00FBD2FC2C93BC62008044E4 /* RSSParserDelegate.swift in Sources */ = {isa = PBXBuildFile; fileRef = 00FBD2F32C93BC62008044E4 /* RSSParserDelegate.swift */; };
		00FBD2FD2C93BC62008044E4 /* RSSURLHistoryManager.swift in Sources */ = {isa = PBXBuildFile; fileRef = 00FBD2F42C93BC62008044E4 /* RSSURLHistoryManager.swift */; };
		00FBD3072C93BC74008044E4 /* PlayerViewModel.swift in Sources */ = {isa = PBXBuildFile; fileRef = 00FBD2FE2C93BC74008044E4 /* PlayerViewModel.swift */; };
		00FBD3082C93BC74008044E4 /* PodcastDetailViewModel.swift in Sources */ = {isa = PBXBuildFile; fileRef = 00FBD2FF2C93BC74008044E4 /* PodcastDetailViewModel.swift */; };
		00FBD3092C93BC74008044E4 /* RSSSourceViewModel.swift in Sources */ = {isa = PBXBuildFile; fileRef = 00FBD3002C93BC74008044E4 /* RSSSourceViewModel.swift */; };
		00FBD30A2C93BC74008044E4 /* PlayerView.swift in Sources */ = {isa = PBXBuildFile; fileRef = 00FBD3022C93BC74008044E4 /* PlayerView.swift */; };
		00FBD30B2C93BC74008044E4 /* PodcastDetailView.swift in Sources */ = {isa = PBXBuildFile; fileRef = 00FBD3032C93BC74008044E4 /* PodcastDetailView.swift */; };
		00FBD30C2C93BC74008044E4 /* RSSSourceView.swift in Sources */ = {isa = PBXBuildFile; fileRef = 00FBD3042C93BC74008044E4 /* RSSSourceView.swift */; };
		00FBD32B2C93BD13008044E4 /* Episode.swift in Sources */ = {isa = PBXBuildFile; fileRef = 00FBD3262C93BD13008044E4 /* Episode.swift */; };
		00FBD32C2C93BD13008044E4 /* PodCast.swift in Sources */ = {isa = PBXBuildFile; fileRef = 00FBD3272C93BD13008044E4 /* PodCast.swift */; };
		00FBD32D2C93BD13008044E4 /* RSSURLHistory.swift in Sources */ = {isa = PBXBuildFile; fileRef = 00FBD3282C93BD13008044E4 /* RSSURLHistory.swift */; };
		00FBD32F2C93BD21008044E4 /* ImusiCastApp.swift in Sources */ = {isa = PBXBuildFile; fileRef = 00FBD32E2C93BD21008044E4 /* ImusiCastApp.swift */; };
		00FBD3482C93BD36008044E4 /* CacheManagerTests.swift in Sources */ = {isa = PBXBuildFile; fileRef = 00FBD3302C93BD36008044E4 /* CacheManagerTests.swift */; };
		00FBD3492C93BD36008044E4 /* AudioPlayerTests.swift in Sources */ = {isa = PBXBuildFile; fileRef = 00FBD3322C93BD36008044E4 /* AudioPlayerTests.swift */; };
		00FBD34A2C93BD36008044E4 /* ImageLoaderTests.swift in Sources */ = {isa = PBXBuildFile; fileRef = 00FBD3332C93BD36008044E4 /* ImageLoaderTests.swift */; };
		00FBD34B2C93BD36008044E4 /* RSSParserDelegateTests.swift in Sources */ = {isa = PBXBuildFile; fileRef = 00FBD3342C93BD36008044E4 /* RSSParserDelegateTests.swift */; };
		00FBD34C2C93BD36008044E4 /* RSSParserTests.swift in Sources */ = {isa = PBXBuildFile; fileRef = 00FBD3352C93BD36008044E4 /* RSSParserTests.swift */; };
		00FBD34D2C93BD36008044E4 /* RSSURLHistoryManagerTests.swift in Sources */ = {isa = PBXBuildFile; fileRef = 00FBD3362C93BD36008044E4 /* RSSURLHistoryManagerTests.swift */; };
		00FBD34E2C93BD36008044E4 /* EpisodeTests.swift in Sources */ = {isa = PBXBuildFile; fileRef = 00FBD3392C93BD36008044E4 /* EpisodeTests.swift */; };
		00FBD34F2C93BD36008044E4 /* PodCastTests.swift in Sources */ = {isa = PBXBuildFile; fileRef = 00FBD33A2C93BD36008044E4 /* PodCastTests.swift */; };
		00FBD3502C93BD36008044E4 /* RSSURLHistoryTests.swift in Sources */ = {isa = PBXBuildFile; fileRef = 00FBD33B2C93BD36008044E4 /* RSSURLHistoryTests.swift */; };
		00FBD3512C93BD36008044E4 /* PlayerViewTests.swift in Sources */ = {isa = PBXBuildFile; fileRef = 00FBD33E2C93BD36008044E4 /* PlayerViewTests.swift */; };
		00FBD3522C93BD36008044E4 /* PodcastDetailViewTests.swift in Sources */ = {isa = PBXBuildFile; fileRef = 00FBD33F2C93BD36008044E4 /* PodcastDetailViewTests.swift */; };
		00FBD3532C93BD36008044E4 /* PlayerViewModelTests.swift in Sources */ = {isa = PBXBuildFile; fileRef = 00FBD3412C93BD36008044E4 /* PlayerViewModelTests.swift */; };
		00FBD3542C93BD36008044E4 /* PodcastDetailViewModelTests.swift in Sources */ = {isa = PBXBuildFile; fileRef = 00FBD3422C93BD36008044E4 /* PodcastDetailViewModelTests.swift */; };
		00FBD3552C93BD36008044E4 /* RSSSourceViewModelTests.swift in Sources */ = {isa = PBXBuildFile; fileRef = 00FBD3432C93BD36008044E4 /* RSSSourceViewModelTests.swift */; };
		00FBD3562C93BD36008044E4 /* TestHelpers.swift in Sources */ = {isa = PBXBuildFile; fileRef = 00FBD3462C93BD36008044E4 /* TestHelpers.swift */; };
/* End PBXBuildFile section */

/* Begin PBXContainerItemProxy section */
		00EB6E072C8B9B1D00A63AA7 /* PBXContainerItemProxy */ = {
			isa = PBXContainerItemProxy;
			containerPortal = 00EB6DEE2C8B9B1B00A63AA7 /* Project object */;
			proxyType = 1;
			remoteGlobalIDString = 00EB6DF52C8B9B1B00A63AA7;
			remoteInfo = ImusiCast;
		};
		00EB6E112C8B9B1D00A63AA7 /* PBXContainerItemProxy */ = {
			isa = PBXContainerItemProxy;
			containerPortal = 00EB6DEE2C8B9B1B00A63AA7 /* Project object */;
			proxyType = 1;
			remoteGlobalIDString = 00EB6DF52C8B9B1B00A63AA7;
			remoteInfo = ImusiCast;
		};
/* End PBXContainerItemProxy section */

/* Begin PBXFileReference section */
		00EB6DF62C8B9B1B00A63AA7 /* ImusiCast.app */ = {isa = PBXFileReference; explicitFileType = wrapper.application; includeInIndex = 0; path = ImusiCast.app; sourceTree = BUILT_PRODUCTS_DIR; };
		00EB6DFD2C8B9B1D00A63AA7 /* Assets.xcassets */ = {isa = PBXFileReference; lastKnownFileType = folder.assetcatalog; path = Assets.xcassets; sourceTree = "<group>"; };
		00EB6E002C8B9B1D00A63AA7 /* Preview Assets.xcassets */ = {isa = PBXFileReference; lastKnownFileType = folder.assetcatalog; path = "Preview Assets.xcassets"; sourceTree = "<group>"; };
		00EB6E062C8B9B1D00A63AA7 /* ImusiCastTests.xctest */ = {isa = PBXFileReference; explicitFileType = wrapper.cfbundle; includeInIndex = 0; path = ImusiCastTests.xctest; sourceTree = BUILT_PRODUCTS_DIR; };
		00EB6E102C8B9B1D00A63AA7 /* ImusiCastUITests.xctest */ = {isa = PBXFileReference; explicitFileType = wrapper.cfbundle; includeInIndex = 0; path = ImusiCastUITests.xctest; sourceTree = BUILT_PRODUCTS_DIR; };
		00EB6E162C8B9B1D00A63AA7 /* ImusiCastUITestsLaunchTests.swift */ = {isa = PBXFileReference; lastKnownFileType = sourcecode.swift; path = ImusiCastUITestsLaunchTests.swift; sourceTree = "<group>"; };
		00FBD2ED2C93BC62008044E4 /* CachedAsyncImage.swift */ = {isa = PBXFileReference; fileEncoding = 4; lastKnownFileType = sourcecode.swift; path = CachedAsyncImage.swift; sourceTree = "<group>"; };
		00FBD2EE2C93BC62008044E4 /* CacheManager.swift */ = {isa = PBXFileReference; fileEncoding = 4; lastKnownFileType = sourcecode.swift; path = CacheManager.swift; sourceTree = "<group>"; };
		00FBD2F02C93BC62008044E4 /* AudioPlayer.swift */ = {isa = PBXFileReference; fileEncoding = 4; lastKnownFileType = sourcecode.swift; path = AudioPlayer.swift; sourceTree = "<group>"; };
		00FBD2F12C93BC62008044E4 /* ImageLoader.swift */ = {isa = PBXFileReference; fileEncoding = 4; lastKnownFileType = sourcecode.swift; path = ImageLoader.swift; sourceTree = "<group>"; };
		00FBD2F22C93BC62008044E4 /* RSSParser.swift */ = {isa = PBXFileReference; fileEncoding = 4; lastKnownFileType = sourcecode.swift; path = RSSParser.swift; sourceTree = "<group>"; };
		00FBD2F32C93BC62008044E4 /* RSSParserDelegate.swift */ = {isa = PBXFileReference; fileEncoding = 4; lastKnownFileType = sourcecode.swift; path = RSSParserDelegate.swift; sourceTree = "<group>"; };
		00FBD2F42C93BC62008044E4 /* RSSURLHistoryManager.swift */ = {isa = PBXFileReference; fileEncoding = 4; lastKnownFileType = sourcecode.swift; path = RSSURLHistoryManager.swift; sourceTree = "<group>"; };
		00FBD2FE2C93BC74008044E4 /* PlayerViewModel.swift */ = {isa = PBXFileReference; fileEncoding = 4; lastKnownFileType = sourcecode.swift; path = PlayerViewModel.swift; sourceTree = "<group>"; };
		00FBD2FF2C93BC74008044E4 /* PodcastDetailViewModel.swift */ = {isa = PBXFileReference; fileEncoding = 4; lastKnownFileType = sourcecode.swift; path = PodcastDetailViewModel.swift; sourceTree = "<group>"; };
		00FBD3002C93BC74008044E4 /* RSSSourceViewModel.swift */ = {isa = PBXFileReference; fileEncoding = 4; lastKnownFileType = sourcecode.swift; path = RSSSourceViewModel.swift; sourceTree = "<group>"; };
		00FBD3022C93BC74008044E4 /* PlayerView.swift */ = {isa = PBXFileReference; fileEncoding = 4; lastKnownFileType = sourcecode.swift; path = PlayerView.swift; sourceTree = "<group>"; };
		00FBD3032C93BC74008044E4 /* PodcastDetailView.swift */ = {isa = PBXFileReference; fileEncoding = 4; lastKnownFileType = sourcecode.swift; path = PodcastDetailView.swift; sourceTree = "<group>"; };
		00FBD3042C93BC74008044E4 /* RSSSourceView.swift */ = {isa = PBXFileReference; fileEncoding = 4; lastKnownFileType = sourcecode.swift; path = RSSSourceView.swift; sourceTree = "<group>"; };
		00FBD31A2C93BCE7008044E4 /* Episode.swift */ = {isa = PBXFileReference; lastKnownFileType = sourcecode.swift; path = Episode.swift; sourceTree = "<group>"; };
		00FBD31B2C93BCE7008044E4 /* PodCast.swift */ = {isa = PBXFileReference; lastKnownFileType = sourcecode.swift; path = PodCast.swift; sourceTree = "<group>"; };
		00FBD31C2C93BCE7008044E4 /* RSSURLHistory.swift */ = {isa = PBXFileReference; lastKnownFileType = sourcecode.swift; path = RSSURLHistory.swift; sourceTree = "<group>"; };
		00FBD31F2C93BCE7008044E4 /* Episode.swift */ = {isa = PBXFileReference; lastKnownFileType = sourcecode.swift; path = Episode.swift; sourceTree = "<group>"; };
		00FBD3202C93BCE7008044E4 /* PodCast.swift */ = {isa = PBXFileReference; lastKnownFileType = sourcecode.swift; path = PodCast.swift; sourceTree = "<group>"; };
		00FBD3212C93BCE7008044E4 /* RSSURLHistory.swift */ = {isa = PBXFileReference; lastKnownFileType = sourcecode.swift; path = RSSURLHistory.swift; sourceTree = "<group>"; };
		00FBD3232C93BCE7008044E4 /* PodCast.swift */ = {isa = PBXFileReference; lastKnownFileType = sourcecode.swift; name = PodCast.swift; path = ../../../../../../../Documents/iMusiCast/ImusiCast/ImusiCast/Domain/Entities/PodCast.swift; sourceTree = "<group>"; };
		00FBD3242C93BCE7008044E4 /* RSSURLHistory.swift */ = {isa = PBXFileReference; lastKnownFileType = sourcecode.swift; name = RSSURLHistory.swift; path = ../../../../../../../Documents/iMusiCast/ImusiCast/ImusiCast/Domain/Entities/RSSURLHistory.swift; sourceTree = "<group>"; };
		00FBD3252C93BCE7008044E4 /* Episode.swift */ = {isa = PBXFileReference; lastKnownFileType = sourcecode.swift; name = Episode.swift; path = ../../../../../../../Documents/iMusiCast/ImusiCast/ImusiCast/Domain/Entities/Episode.swift; sourceTree = "<group>"; };
		00FBD3262C93BD13008044E4 /* Episode.swift */ = {isa = PBXFileReference; fileEncoding = 4; lastKnownFileType = sourcecode.swift; path = Episode.swift; sourceTree = "<group>"; };
		00FBD3272C93BD13008044E4 /* PodCast.swift */ = {isa = PBXFileReference; fileEncoding = 4; lastKnownFileType = sourcecode.swift; path = PodCast.swift; sourceTree = "<group>"; };
		00FBD3282C93BD13008044E4 /* RSSURLHistory.swift */ = {isa = PBXFileReference; fileEncoding = 4; lastKnownFileType = sourcecode.swift; path = RSSURLHistory.swift; sourceTree = "<group>"; };
		00FBD32E2C93BD21008044E4 /* ImusiCastApp.swift */ = {isa = PBXFileReference; fileEncoding = 4; lastKnownFileType = sourcecode.swift; path = ImusiCastApp.swift; sourceTree = "<group>"; };
		00FBD3302C93BD36008044E4 /* CacheManagerTests.swift */ = {isa = PBXFileReference; fileEncoding = 4; lastKnownFileType = sourcecode.swift; path = CacheManagerTests.swift; sourceTree = "<group>"; };
		00FBD3322C93BD36008044E4 /* AudioPlayerTests.swift */ = {isa = PBXFileReference; fileEncoding = 4; lastKnownFileType = sourcecode.swift; path = AudioPlayerTests.swift; sourceTree = "<group>"; };
		00FBD3332C93BD36008044E4 /* ImageLoaderTests.swift */ = {isa = PBXFileReference; fileEncoding = 4; lastKnownFileType = sourcecode.swift; path = ImageLoaderTests.swift; sourceTree = "<group>"; };
		00FBD3342C93BD36008044E4 /* RSSParserDelegateTests.swift */ = {isa = PBXFileReference; fileEncoding = 4; lastKnownFileType = sourcecode.swift; path = RSSParserDelegateTests.swift; sourceTree = "<group>"; };
		00FBD3352C93BD36008044E4 /* RSSParserTests.swift */ = {isa = PBXFileReference; fileEncoding = 4; lastKnownFileType = sourcecode.swift; path = RSSParserTests.swift; sourceTree = "<group>"; };
		00FBD3362C93BD36008044E4 /* RSSURLHistoryManagerTests.swift */ = {isa = PBXFileReference; fileEncoding = 4; lastKnownFileType = sourcecode.swift; path = RSSURLHistoryManagerTests.swift; sourceTree = "<group>"; };
		00FBD3392C93BD36008044E4 /* EpisodeTests.swift */ = {isa = PBXFileReference; fileEncoding = 4; lastKnownFileType = sourcecode.swift; path = EpisodeTests.swift; sourceTree = "<group>"; };
		00FBD33A2C93BD36008044E4 /* PodCastTests.swift */ = {isa = PBXFileReference; fileEncoding = 4; lastKnownFileType = sourcecode.swift; path = PodCastTests.swift; sourceTree = "<group>"; };
		00FBD33B2C93BD36008044E4 /* RSSURLHistoryTests.swift */ = {isa = PBXFileReference; fileEncoding = 4; lastKnownFileType = sourcecode.swift; path = RSSURLHistoryTests.swift; sourceTree = "<group>"; };
		00FBD33E2C93BD36008044E4 /* PlayerViewTests.swift */ = {isa = PBXFileReference; fileEncoding = 4; lastKnownFileType = sourcecode.swift; path = PlayerViewTests.swift; sourceTree = "<group>"; };
		00FBD33F2C93BD36008044E4 /* PodcastDetailViewTests.swift */ = {isa = PBXFileReference; fileEncoding = 4; lastKnownFileType = sourcecode.swift; path = PodcastDetailViewTests.swift; sourceTree = "<group>"; };
		00FBD3412C93BD36008044E4 /* PlayerViewModelTests.swift */ = {isa = PBXFileReference; fileEncoding = 4; lastKnownFileType = sourcecode.swift; path = PlayerViewModelTests.swift; sourceTree = "<group>"; };
		00FBD3422C93BD36008044E4 /* PodcastDetailViewModelTests.swift */ = {isa = PBXFileReference; fileEncoding = 4; lastKnownFileType = sourcecode.swift; path = PodcastDetailViewModelTests.swift; sourceTree = "<group>"; };
		00FBD3432C93BD36008044E4 /* RSSSourceViewModelTests.swift */ = {isa = PBXFileReference; fileEncoding = 4; lastKnownFileType = sourcecode.swift; path = RSSSourceViewModelTests.swift; sourceTree = "<group>"; };
		00FBD3462C93BD36008044E4 /* TestHelpers.swift */ = {isa = PBXFileReference; fileEncoding = 4; lastKnownFileType = sourcecode.swift; path = TestHelpers.swift; sourceTree = "<group>"; };
/* End PBXFileReference section */

/* Begin PBXFrameworksBuildPhase section */
		00EB6DF32C8B9B1B00A63AA7 /* Frameworks */ = {
			isa = PBXFrameworksBuildPhase;
			buildActionMask = 2147483647;
			files = (
			);
			runOnlyForDeploymentPostprocessing = 0;
		};
		00EB6E032C8B9B1D00A63AA7 /* Frameworks */ = {
			isa = PBXFrameworksBuildPhase;
			buildActionMask = 2147483647;
			files = (
			);
			runOnlyForDeploymentPostprocessing = 0;
		};
		00EB6E0D2C8B9B1D00A63AA7 /* Frameworks */ = {
			isa = PBXFrameworksBuildPhase;
			buildActionMask = 2147483647;
			files = (
			);
			runOnlyForDeploymentPostprocessing = 0;
		};
/* End PBXFrameworksBuildPhase section */

/* Begin PBXGroup section */
		00EB6DED2C8B9B1B00A63AA7 = {
			isa = PBXGroup;
			children = (
				00EB6DF82C8B9B1B00A63AA7 /* ImusiCast */,
				00FBD32E2C93BD21008044E4 /* ImusiCastApp.swift */,
				00FBD32A2C93BD13008044E4 /* Domain */,
				00FBD3472C93BD36008044E4 /* ImusiCastTests */,
				00EB6E132C8B9B1D00A63AA7 /* ImusiCastUITests */,
				00EB6DF72C8B9B1B00A63AA7 /* Products */,
			);
			sourceTree = "<group>";
		};
		00EB6DF72C8B9B1B00A63AA7 /* Products */ = {
			isa = PBXGroup;
			children = (
				00EB6DF62C8B9B1B00A63AA7 /* ImusiCast.app */,
				00EB6E062C8B9B1D00A63AA7 /* ImusiCastTests.xctest */,
				00EB6E102C8B9B1D00A63AA7 /* ImusiCastUITests.xctest */,
			);
			name = Products;
			sourceTree = "<group>";
		};
		00EB6DF82C8B9B1B00A63AA7 /* ImusiCast */ = {
			isa = PBXGroup;
			children = (
				00FBD31E2C93BCE7008044E4 /* Domain */,
				00FBD2F62C93BC62008044E4 /* Data */,
				00EB6E272C8B9B8900A63AA7 /* Resources */,
				00FBD3062C93BC74008044E4 /* Presentation */,
			);
			path = ImusiCast;
			sourceTree = "<group>";
		};
		00EB6DFF2C8B9B1D00A63AA7 /* Preview Content */ = {
			isa = PBXGroup;
			children = (
				00EB6E002C8B9B1D00A63AA7 /* Preview Assets.xcassets */,
			);
			path = "Preview Content";
			sourceTree = "<group>";
		};
		00EB6E132C8B9B1D00A63AA7 /* ImusiCastUITests */ = {
			isa = PBXGroup;
			children = (
				00EB6E162C8B9B1D00A63AA7 /* ImusiCastUITestsLaunchTests.swift */,
			);
			path = ImusiCastUITests;
			sourceTree = "<group>";
		};
		00EB6E272C8B9B8900A63AA7 /* Resources */ = {
			isa = PBXGroup;
			children = (
				00EB6DFF2C8B9B1D00A63AA7 /* Preview Content */,
				00EB6DFD2C8B9B1D00A63AA7 /* Assets.xcassets */,
			);
			path = Resources;
			sourceTree = "<group>";
		};
		00FBD2EF2C93BC62008044E4 /* Cache */ = {
			isa = PBXGroup;
			children = (
				00FBD2ED2C93BC62008044E4 /* CachedAsyncImage.swift */,
				00FBD2EE2C93BC62008044E4 /* CacheManager.swift */,
			);
			path = Cache;
			sourceTree = "<group>";
		};
		00FBD2F52C93BC62008044E4 /* Network */ = {
			isa = PBXGroup;
			children = (
				00FBD2F02C93BC62008044E4 /* AudioPlayer.swift */,
				00FBD2F12C93BC62008044E4 /* ImageLoader.swift */,
				00FBD2F22C93BC62008044E4 /* RSSParser.swift */,
				00FBD2F32C93BC62008044E4 /* RSSParserDelegate.swift */,
				00FBD2F42C93BC62008044E4 /* RSSURLHistoryManager.swift */,
			);
			path = Network;
			sourceTree = "<group>";
		};
		00FBD2F62C93BC62008044E4 /* Data */ = {
			isa = PBXGroup;
			children = (
				00FBD2EF2C93BC62008044E4 /* Cache */,
				00FBD2F52C93BC62008044E4 /* Network */,
			);
			name = Data;
			path = ../../../../../Documents/iMusiCast/ImusiCast/ImusiCast/Data;
			sourceTree = "<group>";
		};
		00FBD3012C93BC74008044E4 /* ViewModel */ = {
			isa = PBXGroup;
			children = (
				00FBD2FE2C93BC74008044E4 /* PlayerViewModel.swift */,
				00FBD2FF2C93BC74008044E4 /* PodcastDetailViewModel.swift */,
				00FBD3002C93BC74008044E4 /* RSSSourceViewModel.swift */,
			);
			path = ViewModel;
			sourceTree = "<group>";
		};
		00FBD3052C93BC74008044E4 /* Views */ = {
			isa = PBXGroup;
			children = (
				00FBD3022C93BC74008044E4 /* PlayerView.swift */,
				00FBD3032C93BC74008044E4 /* PodcastDetailView.swift */,
				00FBD3042C93BC74008044E4 /* RSSSourceView.swift */,
			);
			path = Views;
			sourceTree = "<group>";
		};
		00FBD3062C93BC74008044E4 /* Presentation */ = {
			isa = PBXGroup;
			children = (
				00FBD3012C93BC74008044E4 /* ViewModel */,
				00FBD3052C93BC74008044E4 /* Views */,
			);
			name = Presentation;
			path = ../../../../../Documents/iMusiCast/ImusiCast/ImusiCast/Presentation;
			sourceTree = "<group>";
		};
		00FBD31D2C93BCE7008044E4 /* Entities */ = {
			isa = PBXGroup;
			children = (
				00FBD31A2C93BCE7008044E4 /* Episode.swift */,
				00FBD31B2C93BCE7008044E4 /* PodCast.swift */,
				00FBD31C2C93BCE7008044E4 /* RSSURLHistory.swift */,
			);
			path = Entities;
			sourceTree = "<group>";
		};
		00FBD31E2C93BCE7008044E4 /* Domain */ = {
			isa = PBXGroup;
			children = (
				00FBD3222C93BCE7008044E4 /* Entities */,
				00FBD31D2C93BCE7008044E4 /* Entities */,
			);
			path = Domain;
			sourceTree = "<group>";
		};
		00FBD3222C93BCE7008044E4 /* Entities */ = {
			isa = PBXGroup;
			children = (
				00FBD31F2C93BCE7008044E4 /* Episode.swift */,
				00FBD3252C93BCE7008044E4 /* Episode.swift */,
				00FBD3202C93BCE7008044E4 /* PodCast.swift */,
				00FBD3242C93BCE7008044E4 /* RSSURLHistory.swift */,
				00FBD3232C93BCE7008044E4 /* PodCast.swift */,
				00FBD3212C93BCE7008044E4 /* RSSURLHistory.swift */,
			);
			path = Entities;
			sourceTree = "<group>";
		};
		00FBD3292C93BD13008044E4 /* Entities */ = {
			isa = PBXGroup;
			children = (
				00FBD3262C93BD13008044E4 /* Episode.swift */,
				00FBD3272C93BD13008044E4 /* PodCast.swift */,
				00FBD3282C93BD13008044E4 /* RSSURLHistory.swift */,
			);
			path = Entities;
			sourceTree = "<group>";
		};
		00FBD32A2C93BD13008044E4 /* Domain */ = {
			isa = PBXGroup;
			children = (
				00FBD3292C93BD13008044E4 /* Entities */,
			);
			path = Domain;
			sourceTree = "<group>";
		};
		00FBD3312C93BD36008044E4 /* Cache */ = {
			isa = PBXGroup;
			children = (
				00FBD3302C93BD36008044E4 /* CacheManagerTests.swift */,
			);
			path = Cache;
			sourceTree = "<group>";
		};
		00FBD3372C93BD36008044E4 /* Network */ = {
			isa = PBXGroup;
			children = (
				00FBD3322C93BD36008044E4 /* AudioPlayerTests.swift */,
				00FBD3332C93BD36008044E4 /* ImageLoaderTests.swift */,
				00FBD3342C93BD36008044E4 /* RSSParserDelegateTests.swift */,
				00FBD3352C93BD36008044E4 /* RSSParserTests.swift */,
				00FBD3362C93BD36008044E4 /* RSSURLHistoryManagerTests.swift */,
			);
			path = Network;
			sourceTree = "<group>";
		};
		00FBD3382C93BD36008044E4 /* Data */ = {
			isa = PBXGroup;
			children = (
				00FBD3312C93BD36008044E4 /* Cache */,
				00FBD3372C93BD36008044E4 /* Network */,
			);
			path = Data;
			sourceTree = "<group>";
		};
		00FBD33C2C93BD36008044E4 /* Entities */ = {
			isa = PBXGroup;
			children = (
				00FBD3392C93BD36008044E4 /* EpisodeTests.swift */,
				00FBD33A2C93BD36008044E4 /* PodCastTests.swift */,
				00FBD33B2C93BD36008044E4 /* RSSURLHistoryTests.swift */,
			);
			path = Entities;
			sourceTree = "<group>";
		};
		00FBD33D2C93BD36008044E4 /* Domain */ = {
			isa = PBXGroup;
			children = (
				00FBD33C2C93BD36008044E4 /* Entities */,
			);
			path = Domain;
			sourceTree = "<group>";
		};
		00FBD3402C93BD36008044E4 /* View */ = {
			isa = PBXGroup;
			children = (
				00FBD33E2C93BD36008044E4 /* PlayerViewTests.swift */,
				00FBD33F2C93BD36008044E4 /* PodcastDetailViewTests.swift */,
			);
			path = View;
			sourceTree = "<group>";
		};
		00FBD3442C93BD36008044E4 /* ViewModel */ = {
			isa = PBXGroup;
			children = (
				00FBD3412C93BD36008044E4 /* PlayerViewModelTests.swift */,
				00FBD3422C93BD36008044E4 /* PodcastDetailViewModelTests.swift */,
				00FBD3432C93BD36008044E4 /* RSSSourceViewModelTests.swift */,
			);
			path = ViewModel;
			sourceTree = "<group>";
		};
		00FBD3452C93BD36008044E4 /* Presentation */ = {
			isa = PBXGroup;
			children = (
				00FBD3402C93BD36008044E4 /* View */,
				00FBD3442C93BD36008044E4 /* ViewModel */,
			);
			path = Presentation;
			sourceTree = "<group>";
		};
		00FBD3472C93BD36008044E4 /* ImusiCastTests */ = {
			isa = PBXGroup;
			children = (
				00FBD3382C93BD36008044E4 /* Data */,
				00FBD33D2C93BD36008044E4 /* Domain */,
				00FBD3452C93BD36008044E4 /* Presentation */,
				00FBD3462C93BD36008044E4 /* TestHelpers.swift */,
			);
			name = ImusiCastTests;
			path = Domain/ImusiCastTests;
			sourceTree = "<group>";
		};
/* End PBXGroup section */

/* Begin PBXNativeTarget section */
		00EB6DF52C8B9B1B00A63AA7 /* ImusiCast */ = {
			isa = PBXNativeTarget;
			buildConfigurationList = 00EB6E1A2C8B9B1D00A63AA7 /* Build configuration list for PBXNativeTarget "ImusiCast" */;
			buildPhases = (
				00EB6DF22C8B9B1B00A63AA7 /* Sources */,
				00EB6DF32C8B9B1B00A63AA7 /* Frameworks */,
				00EB6DF42C8B9B1B00A63AA7 /* Resources */,
			);
			buildRules = (
			);
			dependencies = (
			);
			name = ImusiCast;
			productName = ImusiCast;
			productReference = 00EB6DF62C8B9B1B00A63AA7 /* ImusiCast.app */;
			productType = "com.apple.product-type.application";
		};
		00EB6E052C8B9B1D00A63AA7 /* ImusiCastTests */ = {
			isa = PBXNativeTarget;
			buildConfigurationList = 00EB6E1D2C8B9B1D00A63AA7 /* Build configuration list for PBXNativeTarget "ImusiCastTests" */;
			buildPhases = (
				00EB6E022C8B9B1D00A63AA7 /* Sources */,
				00EB6E032C8B9B1D00A63AA7 /* Frameworks */,
				00EB6E042C8B9B1D00A63AA7 /* Resources */,
			);
			buildRules = (
			);
			dependencies = (
				00EB6E082C8B9B1D00A63AA7 /* PBXTargetDependency */,
			);
			name = ImusiCastTests;
			productName = ImusiCastTests;
			productReference = 00EB6E062C8B9B1D00A63AA7 /* ImusiCastTests.xctest */;
			productType = "com.apple.product-type.bundle.unit-test";
		};
		00EB6E0F2C8B9B1D00A63AA7 /* ImusiCastUITests */ = {
			isa = PBXNativeTarget;
			buildConfigurationList = 00EB6E202C8B9B1D00A63AA7 /* Build configuration list for PBXNativeTarget "ImusiCastUITests" */;
			buildPhases = (
				00EB6E0C2C8B9B1D00A63AA7 /* Sources */,
				00EB6E0D2C8B9B1D00A63AA7 /* Frameworks */,
				00EB6E0E2C8B9B1D00A63AA7 /* Resources */,
			);
			buildRules = (
			);
			dependencies = (
				00EB6E122C8B9B1D00A63AA7 /* PBXTargetDependency */,
			);
			name = ImusiCastUITests;
			productName = ImusiCastUITests;
			productReference = 00EB6E102C8B9B1D00A63AA7 /* ImusiCastUITests.xctest */;
			productType = "com.apple.product-type.bundle.ui-testing";
		};
/* End PBXNativeTarget section */

/* Begin PBXProject section */
		00EB6DEE2C8B9B1B00A63AA7 /* Project object */ = {
			isa = PBXProject;
			attributes = {
				BuildIndependentTargetsInParallel = 1;
				LastSwiftUpdateCheck = 1540;
				LastUpgradeCheck = 1540;
				TargetAttributes = {
					00EB6DF52C8B9B1B00A63AA7 = {
						CreatedOnToolsVersion = 15.4;
					};
					00EB6E052C8B9B1D00A63AA7 = {
						CreatedOnToolsVersion = 15.4;
						TestTargetID = 00EB6DF52C8B9B1B00A63AA7;
					};
					00EB6E0F2C8B9B1D00A63AA7 = {
						CreatedOnToolsVersion = 15.4;
						TestTargetID = 00EB6DF52C8B9B1B00A63AA7;
					};
				};
			};
			buildConfigurationList = 00EB6DF12C8B9B1B00A63AA7 /* Build configuration list for PBXProject "ImusiCast" */;
			compatibilityVersion = "Xcode 14.0";
			developmentRegion = en;
			hasScannedForEncodings = 0;
			knownRegions = (
				en,
				Base,
			);
			mainGroup = 00EB6DED2C8B9B1B00A63AA7;
			productRefGroup = 00EB6DF72C8B9B1B00A63AA7 /* Products */;
			projectDirPath = "";
			projectRoot = "";
			targets = (
				00EB6DF52C8B9B1B00A63AA7 /* ImusiCast */,
				00EB6E052C8B9B1D00A63AA7 /* ImusiCastTests */,
				00EB6E0F2C8B9B1D00A63AA7 /* ImusiCastUITests */,
			);
		};
/* End PBXProject section */

/* Begin PBXResourcesBuildPhase section */
		00EB6DF42C8B9B1B00A63AA7 /* Resources */ = {
			isa = PBXResourcesBuildPhase;
			buildActionMask = 2147483647;
			files = (
				00EB6E012C8B9B1D00A63AA7 /* Preview Assets.xcassets in Resources */,
				00EB6DFE2C8B9B1D00A63AA7 /* Assets.xcassets in Resources */,
			);
			runOnlyForDeploymentPostprocessing = 0;
		};
		00EB6E042C8B9B1D00A63AA7 /* Resources */ = {
			isa = PBXResourcesBuildPhase;
			buildActionMask = 2147483647;
			files = (
			);
			runOnlyForDeploymentPostprocessing = 0;
		};
		00EB6E0E2C8B9B1D00A63AA7 /* Resources */ = {
			isa = PBXResourcesBuildPhase;
			buildActionMask = 2147483647;
			files = (
			);
			runOnlyForDeploymentPostprocessing = 0;
		};
/* End PBXResourcesBuildPhase section */

/* Begin PBXSourcesBuildPhase section */
		00EB6DF22C8B9B1B00A63AA7 /* Sources */ = {
			isa = PBXSourcesBuildPhase;
			buildActionMask = 2147483647;
			files = (
				00FBD2F82C93BC62008044E4 /* CacheManager.swift in Sources */,
				00FBD3072C93BC74008044E4 /* PlayerViewModel.swift in Sources */,
				00FBD3092C93BC74008044E4 /* RSSSourceViewModel.swift in Sources */,
				00FBD30A2C93BC74008044E4 /* PlayerView.swift in Sources */,
				00FBD2F72C93BC62008044E4 /* CachedAsyncImage.swift in Sources */,
				00FBD3082C93BC74008044E4 /* PodcastDetailViewModel.swift in Sources */,
				00FBD30C2C93BC74008044E4 /* RSSSourceView.swift in Sources */,
				00FBD2FA2C93BC62008044E4 /* ImageLoader.swift in Sources */,
				00FBD32C2C93BD13008044E4 /* PodCast.swift in Sources */,
				00FBD2FD2C93BC62008044E4 /* RSSURLHistoryManager.swift in Sources */,
				00FBD32F2C93BD21008044E4 /* ImusiCastApp.swift in Sources */,
				00FBD32B2C93BD13008044E4 /* Episode.swift in Sources */,
				00FBD32D2C93BD13008044E4 /* RSSURLHistory.swift in Sources */,
				00FBD2F92C93BC62008044E4 /* AudioPlayer.swift in Sources */,
				00FBD2FC2C93BC62008044E4 /* RSSParserDelegate.swift in Sources */,
				00FBD30B2C93BC74008044E4 /* PodcastDetailView.swift in Sources */,
				00FBD2FB2C93BC62008044E4 /* RSSParser.swift in Sources */,
			);
			runOnlyForDeploymentPostprocessing = 0;
		};
		00EB6E022C8B9B1D00A63AA7 /* Sources */ = {
			isa = PBXSourcesBuildPhase;
			buildActionMask = 2147483647;
			files = (
			);
			runOnlyForDeploymentPostprocessing = 0;
		};
		00EB6E0C2C8B9B1D00A63AA7 /* Sources */ = {
			isa = PBXSourcesBuildPhase;
			buildActionMask = 2147483647;
			files = (
				00FBD3532C93BD36008044E4 /* PlayerViewModelTests.swift in Sources */,
				00FBD34D2C93BD36008044E4 /* RSSURLHistoryManagerTests.swift in Sources */,
				00FBD3542C93BD36008044E4 /* PodcastDetailViewModelTests.swift in Sources */,
				00FBD34E2C93BD36008044E4 /* EpisodeTests.swift in Sources */,
				00FBD3482C93BD36008044E4 /* CacheManagerTests.swift in Sources */,
				00FBD3492C93BD36008044E4 /* AudioPlayerTests.swift in Sources */,
				00FBD34F2C93BD36008044E4 /* PodCastTests.swift in Sources */,
				00FBD34A2C93BD36008044E4 /* ImageLoaderTests.swift in Sources */,
				00FBD3552C93BD36008044E4 /* RSSSourceViewModelTests.swift in Sources */,
				00FBD34C2C93BD36008044E4 /* RSSParserTests.swift in Sources */,
				00FBD3502C93BD36008044E4 /* RSSURLHistoryTests.swift in Sources */,
				00FBD3512C93BD36008044E4 /* PlayerViewTests.swift in Sources */,
				00EB6E172C8B9B1D00A63AA7 /* ImusiCastUITestsLaunchTests.swift in Sources */,
				00FBD3522C93BD36008044E4 /* PodcastDetailViewTests.swift in Sources */,
				00FBD34B2C93BD36008044E4 /* RSSParserDelegateTests.swift in Sources */,
				00FBD3562C93BD36008044E4 /* TestHelpers.swift in Sources */,
			);
			runOnlyForDeploymentPostprocessing = 0;
		};
/* End PBXSourcesBuildPhase section */

/* Begin PBXTargetDependency section */
		00EB6E082C8B9B1D00A63AA7 /* PBXTargetDependency */ = {
			isa = PBXTargetDependency;
			target = 00EB6DF52C8B9B1B00A63AA7 /* ImusiCast */;
			targetProxy = 00EB6E072C8B9B1D00A63AA7 /* PBXContainerItemProxy */;
		};
		00EB6E122C8B9B1D00A63AA7 /* PBXTargetDependency */ = {
			isa = PBXTargetDependency;
			target = 00EB6DF52C8B9B1B00A63AA7 /* ImusiCast */;
			targetProxy = 00EB6E112C8B9B1D00A63AA7 /* PBXContainerItemProxy */;
		};
/* End PBXTargetDependency section */

/* Begin XCBuildConfiguration section */
		00EB6E182C8B9B1D00A63AA7 /* Debug */ = {
			isa = XCBuildConfiguration;
			buildSettings = {
				ALWAYS_SEARCH_USER_PATHS = NO;
				ASSETCATALOG_COMPILER_GENERATE_SWIFT_ASSET_SYMBOL_EXTENSIONS = YES;
				CLANG_ANALYZER_NONNULL = YES;
				CLANG_ANALYZER_NUMBER_OBJECT_CONVERSION = YES_AGGRESSIVE;
				CLANG_CXX_LANGUAGE_STANDARD = "gnu++20";
				CLANG_ENABLE_MODULES = YES;
				CLANG_ENABLE_OBJC_ARC = YES;
				CLANG_ENABLE_OBJC_WEAK = YES;
				CLANG_WARN_BLOCK_CAPTURE_AUTORELEASING = YES;
				CLANG_WARN_BOOL_CONVERSION = YES;
				CLANG_WARN_COMMA = YES;
				CLANG_WARN_CONSTANT_CONVERSION = YES;
				CLANG_WARN_DEPRECATED_OBJC_IMPLEMENTATIONS = YES;
				CLANG_WARN_DIRECT_OBJC_ISA_USAGE = YES_ERROR;
				CLANG_WARN_DOCUMENTATION_COMMENTS = YES;
				CLANG_WARN_EMPTY_BODY = YES;
				CLANG_WARN_ENUM_CONVERSION = YES;
				CLANG_WARN_INFINITE_RECURSION = YES;
				CLANG_WARN_INT_CONVERSION = YES;
				CLANG_WARN_NON_LITERAL_NULL_CONVERSION = YES;
				CLANG_WARN_OBJC_IMPLICIT_RETAIN_SELF = YES;
				CLANG_WARN_OBJC_LITERAL_CONVERSION = YES;
				CLANG_WARN_OBJC_ROOT_CLASS = YES_ERROR;
				CLANG_WARN_QUOTED_INCLUDE_IN_FRAMEWORK_HEADER = YES;
				CLANG_WARN_RANGE_LOOP_ANALYSIS = YES;
				CLANG_WARN_STRICT_PROTOTYPES = YES;
				CLANG_WARN_SUSPICIOUS_MOVE = YES;
				CLANG_WARN_UNGUARDED_AVAILABILITY = YES_AGGRESSIVE;
				CLANG_WARN_UNREACHABLE_CODE = YES;
				CLANG_WARN__DUPLICATE_METHOD_MATCH = YES;
				COPY_PHASE_STRIP = NO;
				DEBUG_INFORMATION_FORMAT = dwarf;
				ENABLE_STRICT_OBJC_MSGSEND = YES;
				ENABLE_TESTABILITY = YES;
				ENABLE_USER_SCRIPT_SANDBOXING = YES;
				GCC_C_LANGUAGE_STANDARD = gnu17;
				GCC_DYNAMIC_NO_PIC = NO;
				GCC_NO_COMMON_BLOCKS = YES;
				GCC_OPTIMIZATION_LEVEL = 0;
				GCC_PREPROCESSOR_DEFINITIONS = (
					"DEBUG=1",
					"$(inherited)",
				);
				GCC_WARN_64_TO_32_BIT_CONVERSION = YES;
				GCC_WARN_ABOUT_RETURN_TYPE = YES_ERROR;
				GCC_WARN_UNDECLARED_SELECTOR = YES;
				GCC_WARN_UNINITIALIZED_AUTOS = YES_AGGRESSIVE;
				GCC_WARN_UNUSED_FUNCTION = YES;
				GCC_WARN_UNUSED_VARIABLE = YES;
				IPHONEOS_DEPLOYMENT_TARGET = 17.5;
				LOCALIZATION_PREFERS_STRING_CATALOGS = YES;
				MTL_ENABLE_DEBUG_INFO = INCLUDE_SOURCE;
				MTL_FAST_MATH = YES;
				ONLY_ACTIVE_ARCH = YES;
				SDKROOT = iphoneos;
				SWIFT_ACTIVE_COMPILATION_CONDITIONS = "DEBUG $(inherited)";
				SWIFT_OPTIMIZATION_LEVEL = "-Onone";
			};
			name = Debug;
		};
		00EB6E192C8B9B1D00A63AA7 /* Release */ = {
			isa = XCBuildConfiguration;
			buildSettings = {
				ALWAYS_SEARCH_USER_PATHS = NO;
				ASSETCATALOG_COMPILER_GENERATE_SWIFT_ASSET_SYMBOL_EXTENSIONS = YES;
				CLANG_ANALYZER_NONNULL = YES;
				CLANG_ANALYZER_NUMBER_OBJECT_CONVERSION = YES_AGGRESSIVE;
				CLANG_CXX_LANGUAGE_STANDARD = "gnu++20";
				CLANG_ENABLE_MODULES = YES;
				CLANG_ENABLE_OBJC_ARC = YES;
				CLANG_ENABLE_OBJC_WEAK = YES;
				CLANG_WARN_BLOCK_CAPTURE_AUTORELEASING = YES;
				CLANG_WARN_BOOL_CONVERSION = YES;
				CLANG_WARN_COMMA = YES;
				CLANG_WARN_CONSTANT_CONVERSION = YES;
				CLANG_WARN_DEPRECATED_OBJC_IMPLEMENTATIONS = YES;
				CLANG_WARN_DIRECT_OBJC_ISA_USAGE = YES_ERROR;
				CLANG_WARN_DOCUMENTATION_COMMENTS = YES;
				CLANG_WARN_EMPTY_BODY = YES;
				CLANG_WARN_ENUM_CONVERSION = YES;
				CLANG_WARN_INFINITE_RECURSION = YES;
				CLANG_WARN_INT_CONVERSION = YES;
				CLANG_WARN_NON_LITERAL_NULL_CONVERSION = YES;
				CLANG_WARN_OBJC_IMPLICIT_RETAIN_SELF = YES;
				CLANG_WARN_OBJC_LITERAL_CONVERSION = YES;
				CLANG_WARN_OBJC_ROOT_CLASS = YES_ERROR;
				CLANG_WARN_QUOTED_INCLUDE_IN_FRAMEWORK_HEADER = YES;
				CLANG_WARN_RANGE_LOOP_ANALYSIS = YES;
				CLANG_WARN_STRICT_PROTOTYPES = YES;
				CLANG_WARN_SUSPICIOUS_MOVE = YES;
				CLANG_WARN_UNGUARDED_AVAILABILITY = YES_AGGRESSIVE;
				CLANG_WARN_UNREACHABLE_CODE = YES;
				CLANG_WARN__DUPLICATE_METHOD_MATCH = YES;
				COPY_PHASE_STRIP = NO;
				DEBUG_INFORMATION_FORMAT = "dwarf-with-dsym";
				ENABLE_NS_ASSERTIONS = NO;
				ENABLE_STRICT_OBJC_MSGSEND = YES;
				ENABLE_USER_SCRIPT_SANDBOXING = YES;
				GCC_C_LANGUAGE_STANDARD = gnu17;
				GCC_NO_COMMON_BLOCKS = YES;
				GCC_WARN_64_TO_32_BIT_CONVERSION = YES;
				GCC_WARN_ABOUT_RETURN_TYPE = YES_ERROR;
				GCC_WARN_UNDECLARED_SELECTOR = YES;
				GCC_WARN_UNINITIALIZED_AUTOS = YES_AGGRESSIVE;
				GCC_WARN_UNUSED_FUNCTION = YES;
				GCC_WARN_UNUSED_VARIABLE = YES;
				IPHONEOS_DEPLOYMENT_TARGET = 17.5;
				LOCALIZATION_PREFERS_STRING_CATALOGS = YES;
				MTL_ENABLE_DEBUG_INFO = NO;
				MTL_FAST_MATH = YES;
				SDKROOT = iphoneos;
				SWIFT_COMPILATION_MODE = wholemodule;
				VALIDATE_PRODUCT = YES;
			};
			name = Release;
		};
		00EB6E1B2C8B9B1D00A63AA7 /* Debug */ = {
			isa = XCBuildConfiguration;
			buildSettings = {
				ASSETCATALOG_COMPILER_APPICON_NAME = AppIcon;
				ASSETCATALOG_COMPILER_GLOBAL_ACCENT_COLOR_NAME = AccentColor;
				CODE_SIGN_STYLE = Automatic;
				CURRENT_PROJECT_VERSION = 1;
				DEVELOPMENT_ASSET_PATHS = "\"ImusiCast/Resources/Preview Content\"";
				ENABLE_PREVIEWS = YES;
				GENERATE_INFOPLIST_FILE = YES;
				INFOPLIST_KEY_UIApplicationSceneManifest_Generation = YES;
				INFOPLIST_KEY_UIApplicationSupportsIndirectInputEvents = YES;
				INFOPLIST_KEY_UILaunchScreen_Generation = YES;
				INFOPLIST_KEY_UISupportedInterfaceOrientations_iPad = "UIInterfaceOrientationPortrait UIInterfaceOrientationPortraitUpsideDown UIInterfaceOrientationLandscapeLeft UIInterfaceOrientationLandscapeRight";
				INFOPLIST_KEY_UISupportedInterfaceOrientations_iPhone = "UIInterfaceOrientationPortrait UIInterfaceOrientationLandscapeLeft UIInterfaceOrientationLandscapeRight";
				LD_RUNPATH_SEARCH_PATHS = (
					"$(inherited)",
					"@executable_path/Frameworks",
				);
				MARKETING_VERSION = 1.0;
				PRODUCT_BUNDLE_IDENTIFIER = com.ImusiCast;
				PRODUCT_NAME = "$(TARGET_NAME)";
				SWIFT_EMIT_LOC_STRINGS = YES;
				SWIFT_VERSION = 5.0;
				TARGETED_DEVICE_FAMILY = "1,2";
			};
			name = Debug;
		};
		00EB6E1C2C8B9B1D00A63AA7 /* Release */ = {
			isa = XCBuildConfiguration;
			buildSettings = {
				ASSETCATALOG_COMPILER_APPICON_NAME = AppIcon;
				ASSETCATALOG_COMPILER_GLOBAL_ACCENT_COLOR_NAME = AccentColor;
				CODE_SIGN_STYLE = Automatic;
				CURRENT_PROJECT_VERSION = 1;
				DEVELOPMENT_ASSET_PATHS = "\"ImusiCast/Resources/Preview Content\"";
				ENABLE_PREVIEWS = YES;
				GENERATE_INFOPLIST_FILE = YES;
				INFOPLIST_KEY_UIApplicationSceneManifest_Generation = YES;
				INFOPLIST_KEY_UIApplicationSupportsIndirectInputEvents = YES;
				INFOPLIST_KEY_UILaunchScreen_Generation = YES;
				INFOPLIST_KEY_UISupportedInterfaceOrientations_iPad = "UIInterfaceOrientationPortrait UIInterfaceOrientationPortraitUpsideDown UIInterfaceOrientationLandscapeLeft UIInterfaceOrientationLandscapeRight";
				INFOPLIST_KEY_UISupportedInterfaceOrientations_iPhone = "UIInterfaceOrientationPortrait UIInterfaceOrientationLandscapeLeft UIInterfaceOrientationLandscapeRight";
				LD_RUNPATH_SEARCH_PATHS = (
					"$(inherited)",
					"@executable_path/Frameworks",
				);
				MARKETING_VERSION = 1.0;
				PRODUCT_BUNDLE_IDENTIFIER = com.ImusiCast;
				PRODUCT_NAME = "$(TARGET_NAME)";
				SWIFT_EMIT_LOC_STRINGS = YES;
				SWIFT_VERSION = 5.0;
				TARGETED_DEVICE_FAMILY = "1,2";
			};
			name = Release;
		};
		00EB6E1E2C8B9B1D00A63AA7 /* Debug */ = {
			isa = XCBuildConfiguration;
			buildSettings = {
				ALWAYS_EMBED_SWIFT_STANDARD_LIBRARIES = YES;
				BUNDLE_LOADER = "$(TEST_HOST)";
				CODE_SIGN_STYLE = Automatic;
				CURRENT_PROJECT_VERSION = 1;
				GENERATE_INFOPLIST_FILE = YES;
				IPHONEOS_DEPLOYMENT_TARGET = 17.5;
				MARKETING_VERSION = 1.0;
				PRODUCT_BUNDLE_IDENTIFIER = com.ImusiCastTests;
				PRODUCT_NAME = "$(TARGET_NAME)";
				SWIFT_EMIT_LOC_STRINGS = NO;
				SWIFT_VERSION = 5.0;
				TARGETED_DEVICE_FAMILY = "1,2";
				TEST_HOST = "$(BUILT_PRODUCTS_DIR)/ImusiCast.app/$(BUNDLE_EXECUTABLE_FOLDER_PATH)/ImusiCast";
			};
			name = Debug;
		};
		00EB6E1F2C8B9B1D00A63AA7 /* Release */ = {
			isa = XCBuildConfiguration;
			buildSettings = {
				ALWAYS_EMBED_SWIFT_STANDARD_LIBRARIES = YES;
				BUNDLE_LOADER = "$(TEST_HOST)";
				CODE_SIGN_STYLE = Automatic;
				CURRENT_PROJECT_VERSION = 1;
				GENERATE_INFOPLIST_FILE = YES;
				IPHONEOS_DEPLOYMENT_TARGET = 17.5;
				MARKETING_VERSION = 1.0;
				PRODUCT_BUNDLE_IDENTIFIER = com.ImusiCastTests;
				PRODUCT_NAME = "$(TARGET_NAME)";
				SWIFT_EMIT_LOC_STRINGS = NO;
				SWIFT_VERSION = 5.0;
				TARGETED_DEVICE_FAMILY = "1,2";
				TEST_HOST = "$(BUILT_PRODUCTS_DIR)/ImusiCast.app/$(BUNDLE_EXECUTABLE_FOLDER_PATH)/ImusiCast";
			};
			name = Release;
		};
		00EB6E212C8B9B1D00A63AA7 /* Debug */ = {
			isa = XCBuildConfiguration;
			buildSettings = {
				ALWAYS_EMBED_SWIFT_STANDARD_LIBRARIES = YES;
				CODE_SIGN_STYLE = Automatic;
				CURRENT_PROJECT_VERSION = 1;
				GENERATE_INFOPLIST_FILE = YES;
				MARKETING_VERSION = 1.0;
				PRODUCT_BUNDLE_IDENTIFIER = com.ImusiCastUITests;
				PRODUCT_NAME = "$(TARGET_NAME)";
				SWIFT_EMIT_LOC_STRINGS = NO;
				SWIFT_VERSION = 5.0;
				TARGETED_DEVICE_FAMILY = "1,2";
				TEST_TARGET_NAME = ImusiCast;
			};
			name = Debug;
		};
		00EB6E222C8B9B1D00A63AA7 /* Release */ = {
			isa = XCBuildConfiguration;
			buildSettings = {
				ALWAYS_EMBED_SWIFT_STANDARD_LIBRARIES = YES;
				CODE_SIGN_STYLE = Automatic;
				CURRENT_PROJECT_VERSION = 1;
				GENERATE_INFOPLIST_FILE = YES;
				MARKETING_VERSION = 1.0;
				PRODUCT_BUNDLE_IDENTIFIER = com.ImusiCastUITests;
				PRODUCT_NAME = "$(TARGET_NAME)";
				SWIFT_EMIT_LOC_STRINGS = NO;
				SWIFT_VERSION = 5.0;
				TARGETED_DEVICE_FAMILY = "1,2";
				TEST_TARGET_NAME = ImusiCast;
			};
			name = Release;
		};
/* End XCBuildConfiguration section */

/* Begin XCConfigurationList section */
		00EB6DF12C8B9B1B00A63AA7 /* Build configuration list for PBXProject "ImusiCast" */ = {
			isa = XCConfigurationList;
			buildConfigurations = (
				00EB6E182C8B9B1D00A63AA7 /* Debug */,
				00EB6E192C8B9B1D00A63AA7 /* Release */,
			);
			defaultConfigurationIsVisible = 0;
			defaultConfigurationName = Release;
		};
		00EB6E1A2C8B9B1D00A63AA7 /* Build configuration list for PBXNativeTarget "ImusiCast" */ = {
			isa = XCConfigurationList;
			buildConfigurations = (
				00EB6E1B2C8B9B1D00A63AA7 /* Debug */,
				00EB6E1C2C8B9B1D00A63AA7 /* Release */,
			);
			defaultConfigurationIsVisible = 0;
			defaultConfigurationName = Release;
		};
		00EB6E1D2C8B9B1D00A63AA7 /* Build configuration list for PBXNativeTarget "ImusiCastTests" */ = {
			isa = XCConfigurationList;
			buildConfigurations = (
				00EB6E1E2C8B9B1D00A63AA7 /* Debug */,
				00EB6E1F2C8B9B1D00A63AA7 /* Release */,
			);
			defaultConfigurationIsVisible = 0;
			defaultConfigurationName = Release;
		};
		00EB6E202C8B9B1D00A63AA7 /* Build configuration list for PBXNativeTarget "ImusiCastUITests" */ = {
			isa = XCConfigurationList;
			buildConfigurations = (
				00EB6E212C8B9B1D00A63AA7 /* Debug */,
				00EB6E222C8B9B1D00A63AA7 /* Release */,
			);
			defaultConfigurationIsVisible = 0;
			defaultConfigurationName = Release;
		};
/* End XCConfigurationList section */
	};
	rootObject = 00EB6DEE2C8B9B1B00A63AA7 /* Project object */;
}
